{
  "version": 4,
  "terraform_version": "0.14.2",
  "serial": 44,
  "lineage": "6a4d179e-b9f2-feea-ed87-1b439ea0e2c0",
  "outputs": {
    "db_password": {
      "value": "R7A6PBrHL5G9AkEr",
      "type": "string"
    },
    "lb_dns_name": {
      "value": "my-cool-project-alb-276317716.us-west-2.elb.amazonaws.com",
      "type": "string"
    }
  },
  "resources": [
    {
      "module": "module.autoscaling",
      "mode": "data",
      "type": "aws_ami",
      "name": "ubuntu",
      "provider": "provider[\"registry.terraform.io/hashicorp/aws\"]",
      "instances": [
        {
          "schema_version": 0,
          "attributes": {
            "architecture": "x86_64",
            "arn": "arn:aws:ec2:us-west-2::image/ami-0cc158853935719b7",
            "block_device_mappings": [
              {
                "device_name": "/dev/sda1",
                "ebs": {
                  "delete_on_termination": "true",
                  "encrypted": "false",
                  "iops": "0",
                  "snapshot_id": "snap-0578125002fc46a4a",
                  "volume_size": "8",
                  "volume_type": "gp2"
                },
                "no_device": "",
                "virtual_name": ""
              },
              {
                "device_name": "/dev/sdb",
                "ebs": {},
                "no_device": "",
                "virtual_name": "ephemeral0"
              },
              {
                "device_name": "/dev/sdc",
                "ebs": {},
                "no_device": "",
                "virtual_name": "ephemeral1"
              }
            ],
            "creation_date": "2020-12-11T12:23:28.000Z",
            "description": "Canonical, Ubuntu, 18.04 LTS, amd64 bionic image build on 2020-12-11",
            "executable_users": null,
            "filter": [
              {
                "name": "name",
                "values": [
                  "ubuntu/images/hvm-ssd/ubuntu-bionic-18.04-amd64-server-*"
                ]
              }
            ],
            "hypervisor": "xen",
            "id": "ami-0cc158853935719b7",
            "image_id": "ami-0cc158853935719b7",
            "image_location": "099720109477/ubuntu/images/hvm-ssd/ubuntu-bionic-18.04-amd64-server-20201211.1",
            "image_owner_alias": null,
            "image_type": "machine",
            "kernel_id": null,
            "most_recent": true,
            "name": "ubuntu/images/hvm-ssd/ubuntu-bionic-18.04-amd64-server-20201211.1",
            "name_regex": null,
            "owner_id": "099720109477",
            "owners": [
              "099720109477"
            ],
            "platform": null,
            "product_codes": [],
            "public": true,
            "ramdisk_id": null,
            "root_device_name": "/dev/sda1",
            "root_device_type": "ebs",
            "root_snapshot_id": "snap-0578125002fc46a4a",
            "sriov_net_support": "simple",
            "state": "available",
            "state_reason": {
              "code": "UNSET",
              "message": "UNSET"
            },
            "tags": {},
            "virtualization_type": "hvm"
          },
          "sensitive_attributes": []
        }
      ]
    },
    {
      "module": "module.autoscaling",
      "mode": "data",
      "type": "template_cloudinit_config",
      "name": "config",
      "provider": "provider[\"registry.terraform.io/hashicorp/template\"]",
      "instances": [
        {
          "schema_version": 0,
          "attributes": {
            "base64_encode": true,
            "gzip": true,
            "id": "3030611830",
            "part": [
              {
                "content": "#cloud-config\r\nwrite_files:\r\n- path: /etc/server.conf\r\nowner: root:root\r\npermissions: \"0644\"\r\ncontent: |\r\n{\r\n\"user\": \"admin\", #A\r\n\"password\": \"R7A6PBrHL5G9AkEr\", #A\r\n\"database\": \"pets\", #A\r\n\"netloc\": \"my-cool-project-db-instance.ckzzxcjp5nea.us-west-2.rds.amazonaws.com:3306\" #A\r\n}\r\nruncmd: #B\r\n- curl -sL https://api.github.com/repos/scottwinkler/vanilla-webserver-src/releases/latest\r\n| jq -r \".assets[].browser_download_url\" | wget -qi -\r\n- unzip deployment.zip\r\n- ./deployment/server\r\npackages:\r\n- jq\r\n- wget\r\n- unzip",
                "content_type": "text/cloud-config",
                "filename": "",
                "merge_type": ""
              }
            ],
            "rendered": "H4sIAAAAAAAA/2SSXW8TPRCF7y35P1jb29e7femXMOIihQqQWkAVICGEKq89TZ14bXdmtpuE8N+R+0WBm5F8/PjMaI5f5cSQWH9aFzBqGCOHYpG7IazAv1B9HpO3uH7ZnL07Ozn+8Pn969n510bUk/4CSCEno/5vd6WQQuunkBSP3mgTXQLqk+SyD2lu1FEf+Alw25xhxZ2LefTa5XQZ5lKchQH+abPzJzNhYLi4DBHISKFVsXxlVAfsOgK8AWwrKUWeEqBRmDObWqQogEOg6k1GNbuH+/uNFO5uJqO2UvyQohkJsDGqsX4IqflP7cykaIolmjL6enF+NDv8eIxvTw/ePJ8tT/CB8ZZtbwkqU4DpQU/AMbuqDmvtco66YF6AY+17HRKxTQ5at9xsVm5RDhLYdiQ9AbF+1qKn1g52k5OdqHV5MHt7u4fNrfNPKXBMbvBG7RzXTbgRo9J0qq6YC5musyW088BXY1+fdgglU0cuM08hLSNgd2NTiNHqCfq75WlC1yFEsATURctALMVWLa6VRtW0lgiYvn1ve8wTAV74PKWYrb8YMTZqq6Y5sNLXQek60pg2oSgPJeb1AInbTShVb7vf2n1sUhTrlnZ+H+viutbq9ujz94/TWopfAQAA//8hrfBO0AIAAA=="
          },
          "sensitive_attributes": []
        }
      ]
    },
    {
      "module": "module.autoscaling",
      "mode": "managed",
      "type": "aws_autoscaling_group",
      "name": "webserver",
      "provider": "provider[\"registry.terraform.io/hashicorp/aws\"]",
      "instances": [
        {
          "schema_version": 0,
          "attributes": {
            "arn": "arn:aws:autoscaling:us-west-2:058913055553:autoScalingGroup:92b549af-6ab5-467f-b5ff-07e91840ec25:autoScalingGroupName/my-cool-project-asg",
            "availability_zones": [
              "us-west-2a",
              "us-west-2b",
              "us-west-2c"
            ],
            "default_cooldown": 300,
            "desired_capacity": 1,
            "enabled_metrics": null,
            "force_delete": false,
            "health_check_grace_period": 300,
            "health_check_type": "EC2",
            "id": "my-cool-project-asg",
            "initial_lifecycle_hook": [],
            "launch_configuration": "",
            "launch_template": [
              {
                "id": "lt-0e46fb055c83907eb",
                "name": "my-cool-project20201231203325969200000007",
                "version": "2"
              }
            ],
            "load_balancers": [],
            "max_instance_lifetime": 0,
            "max_size": 3,
            "metrics_granularity": "1Minute",
            "min_elb_capacity": null,
            "min_size": 1,
            "mixed_instances_policy": [],
            "name": "my-cool-project-asg",
            "name_prefix": null,
            "placement_group": "",
            "protect_from_scale_in": false,
            "service_linked_role_arn": "arn:aws:iam::058913055553:role/aws-service-role/autoscaling.amazonaws.com/AWSServiceRoleForAutoScaling",
            "suspended_processes": null,
            "tag": [],
            "tags": null,
            "target_group_arns": [
              "arn:aws:elasticloadbalancing:us-west-2:058913055553:targetgroup/websvr/8870f82e654ca5ad"
            ],
            "termination_policies": null,
            "timeouts": null,
            "vpc_zone_identifier": [
              "subnet-04b8907d95747ad49",
              "subnet-0dc94999ae9b5a4a7",
              "subnet-0e9a66f7503ad1c45"
            ],
            "wait_for_capacity_timeout": "10m",
            "wait_for_elb_capacity": null
          },
          "sensitive_attributes": [],
          "private": "eyJlMmJmYjczMC1lY2FhLTExZTYtOGY4OC0zNDM2M2JjN2M0YzAiOnsiZGVsZXRlIjo2MDAwMDAwMDAwMDB9fQ==",
          "dependencies": [
            "module.autoscaling.aws_launch_template.webserver",
            "module.autoscaling.data.aws_ami.ubuntu",
            "module.autoscaling.data.template_cloudinit_config.config",
            "module.autoscaling.module.alb.aws_lb_target_group.main",
            "module.autoscaling.module.alb.aws_lb_target_group.main_no_logs",
            "module.autoscaling.module.iam_instance_profile.aws_iam_instance_profile.iam_instance_profile",
            "module.networking.data.aws_availability_zones.available",
            "module.networking.module.db_sg.aws_security_group.security_group",
            "module.networking.module.lb_sg.aws_security_group.security_group",
            "module.networking.module.vpc.aws_db_subnet_group.database",
            "module.networking.module.vpc.aws_default_network_acl.this",
            "module.networking.module.vpc.aws_default_vpc.this",
            "module.networking.module.vpc.aws_eip.nat",
            "module.networking.module.vpc.aws_elasticache_subnet_group.elasticache",
            "module.networking.module.vpc.aws_internet_gateway.this",
            "module.networking.module.vpc.aws_nat_gateway.this",
            "module.networking.module.vpc.aws_network_acl.database",
            "module.networking.module.vpc.aws_network_acl.elasticache",
            "module.networking.module.vpc.aws_network_acl.intra",
            "module.networking.module.vpc.aws_network_acl.private",
            "module.networking.module.vpc.aws_network_acl.public",
            "module.networking.module.vpc.aws_network_acl.redshift",
            "module.networking.module.vpc.aws_network_acl_rule.database_inbound",
            "module.networking.module.vpc.aws_network_acl_rule.database_outbound",
            "module.networking.module.vpc.aws_network_acl_rule.elasticache_inbound",
            "module.networking.module.vpc.aws_network_acl_rule.elasticache_outbound",
            "module.networking.module.vpc.aws_network_acl_rule.intra_inbound",
            "module.networking.module.vpc.aws_network_acl_rule.intra_outbound",
            "module.networking.module.vpc.aws_network_acl_rule.private_inbound",
            "module.networking.module.vpc.aws_network_acl_rule.private_outbound",
            "module.networking.module.vpc.aws_network_acl_rule.public_inbound",
            "module.networking.module.vpc.aws_network_acl_rule.public_outbound",
            "module.networking.module.vpc.aws_network_acl_rule.redshift_inbound",
            "module.networking.module.vpc.aws_network_acl_rule.redshift_outbound",
            "module.networking.module.vpc.aws_redshift_subnet_group.redshift",
            "module.networking.module.vpc.aws_route.database_internet_gateway",
            "module.networking.module.vpc.aws_route.database_nat_gateway",
            "module.networking.module.vpc.aws_route.private_nat_gateway",
            "module.networking.module.vpc.aws_route.public_internet_gateway",
            "module.networking.module.vpc.aws_route_table.database",
            "module.networking.module.vpc.aws_route_table.elasticache",
            "module.networking.module.vpc.aws_route_table.intra",
            "module.networking.module.vpc.aws_route_table.private",
            "module.networking.module.vpc.aws_route_table.public",
            "module.networking.module.vpc.aws_route_table.redshift",
            "module.networking.module.vpc.aws_route_table_association.database",
            "module.networking.module.vpc.aws_route_table_association.elasticache",
            "module.networking.module.vpc.aws_route_table_association.intra",
            "module.networking.module.vpc.aws_route_table_association.private",
            "module.networking.module.vpc.aws_route_table_association.public",
            "module.networking.module.vpc.aws_route_table_association.redshift",
            "module.networking.module.vpc.aws_route_table_association.redshift_public",
            "module.networking.module.vpc.aws_subnet.database",
            "module.networking.module.vpc.aws_subnet.elasticache",
            "module.networking.module.vpc.aws_subnet.intra",
            "module.networking.module.vpc.aws_subnet.private",
            "module.networking.module.vpc.aws_subnet.public",
            "module.networking.module.vpc.aws_subnet.redshift",
            "module.networking.module.vpc.aws_vpc.this",
            "module.networking.module.vpc.aws_vpc_dhcp_options.this",
            "module.networking.module.vpc.aws_vpc_dhcp_options_association.this",
            "module.networking.module.vpc.aws_vpc_endpoint.apigw",
            "module.networking.module.vpc.aws_vpc_endpoint.cloudtrail",
            "module.networking.module.vpc.aws_vpc_endpoint.dynamodb",
            "module.networking.module.vpc.aws_vpc_endpoint.ec2",
            "module.networking.module.vpc.aws_vpc_endpoint.ec2messages",
            "module.networking.module.vpc.aws_vpc_endpoint.ecr_api",
            "module.networking.module.vpc.aws_vpc_endpoint.ecr_dkr",
            "module.networking.module.vpc.aws_vpc_endpoint.ecs",
            "module.networking.module.vpc.aws_vpc_endpoint.ecs_agent",
            "module.networking.module.vpc.aws_vpc_endpoint.ecs_telemetry",
            "module.networking.module.vpc.aws_vpc_endpoint.elasticloadbalancing",
            "module.networking.module.vpc.aws_vpc_endpoint.events",
            "module.networking.module.vpc.aws_vpc_endpoint.kms",
            "module.networking.module.vpc.aws_vpc_endpoint.logs",
            "module.networking.module.vpc.aws_vpc_endpoint.monitoring",
            "module.networking.module.vpc.aws_vpc_endpoint.s3",
            "module.networking.module.vpc.aws_vpc_endpoint.sns",
            "module.networking.module.vpc.aws_vpc_endpoint.sqs",
            "module.networking.module.vpc.aws_vpc_endpoint.ssm",
            "module.networking.module.vpc.aws_vpc_endpoint.ssmmessages",
            "module.networking.module.vpc.aws_vpc_endpoint_route_table_association.intra_dynamodb",
            "module.networking.module.vpc.aws_vpc_endpoint_route_table_association.intra_s3",
            "module.networking.module.vpc.aws_vpc_endpoint_route_table_association.private_dynamodb",
            "module.networking.module.vpc.aws_vpc_endpoint_route_table_association.private_s3",
            "module.networking.module.vpc.aws_vpc_endpoint_route_table_association.public_dynamodb",
            "module.networking.module.vpc.aws_vpc_endpoint_route_table_association.public_s3",
            "module.networking.module.vpc.aws_vpc_ipv4_cidr_block_association.this",
            "module.networking.module.vpc.aws_vpn_gateway.this",
            "module.networking.module.vpc.aws_vpn_gateway_attachment.this",
            "module.networking.module.vpc.aws_vpn_gateway_route_propagation.private",
            "module.networking.module.vpc.aws_vpn_gateway_route_propagation.public",
            "module.networking.module.vpc.data.aws_vpc_endpoint_service.apigw",
            "module.networking.module.vpc.data.aws_vpc_endpoint_service.cloudtrail",
            "module.networking.module.vpc.data.aws_vpc_endpoint_service.dynamodb",
            "module.networking.module.vpc.data.aws_vpc_endpoint_service.ec2",
            "module.networking.module.vpc.data.aws_vpc_endpoint_service.ec2messages",
            "module.networking.module.vpc.data.aws_vpc_endpoint_service.ecr_api",
            "module.networking.module.vpc.data.aws_vpc_endpoint_service.ecr_dkr",
            "module.networking.module.vpc.data.aws_vpc_endpoint_service.ecs",
            "module.networking.module.vpc.data.aws_vpc_endpoint_service.ecs_agent",
            "module.networking.module.vpc.data.aws_vpc_endpoint_service.ecs_telemetry",
            "module.networking.module.vpc.data.aws_vpc_endpoint_service.elasticloadbalancing",
            "module.networking.module.vpc.data.aws_vpc_endpoint_service.events",
            "module.networking.module.vpc.data.aws_vpc_endpoint_service.kms",
            "module.networking.module.vpc.data.aws_vpc_endpoint_service.logs",
            "module.networking.module.vpc.data.aws_vpc_endpoint_service.monitoring",
            "module.networking.module.vpc.data.aws_vpc_endpoint_service.s3",
            "module.networking.module.vpc.data.aws_vpc_endpoint_service.sns",
            "module.networking.module.vpc.data.aws_vpc_endpoint_service.sqs",
            "module.networking.module.vpc.data.aws_vpc_endpoint_service.ssm",
            "module.networking.module.vpc.data.aws_vpc_endpoint_service.ssmmessages",
            "module.networking.module.websvr_sg.aws_security_group.security_group"
          ]
        }
      ]
    },
    {
      "module": "module.autoscaling",
      "mode": "managed",
      "type": "aws_launch_template",
      "name": "webserver",
      "provider": "provider[\"registry.terraform.io/hashicorp/aws\"]",
      "instances": [
        {
          "schema_version": 0,
          "attributes": {
            "arn": "arn:aws:ec2:us-west-2:058913055553:launch-template/lt-0e46fb055c83907eb",
            "block_device_mappings": [],
            "capacity_reservation_specification": [],
            "cpu_options": [],
            "credit_specification": [],
            "default_version": 1,
            "description": "",
            "disable_api_termination": false,
            "ebs_optimized": "",
            "elastic_gpu_specifications": [],
            "elastic_inference_accelerator": [],
            "hibernation_options": [],
            "iam_instance_profile": [
              {
                "arn": "",
                "name": "terraform-20201231202702375200000003"
              }
            ],
            "id": "lt-0e46fb055c83907eb",
            "image_id": "ami-0cc158853935719b7",
            "instance_initiated_shutdown_behavior": "",
            "instance_market_options": [],
            "instance_type": "t2.micro",
            "kernel_id": "",
            "key_name": "",
            "latest_version": 2,
            "license_specification": [],
            "metadata_options": [],
            "monitoring": [],
            "name": "my-cool-project20201231203325969200000007",
            "name_prefix": "my-cool-project",
            "network_interfaces": [],
            "placement": [],
            "ram_disk_id": "",
            "security_group_names": [],
            "tag_specifications": [],
            "tags": {},
            "update_default_version": null,
            "user_data": "H4sIAAAAAAAA/2SSXW8TPRCF7y35P1jb29e7femXMOIihQqQWkAVICGEKq89TZ14bXdmtpuE8N+R+0WBm5F8/PjMaI5f5cSQWH9aFzBqGCOHYpG7IazAv1B9HpO3uH7ZnL07Ozn+8Pn969n510bUk/4CSCEno/5vd6WQQuunkBSP3mgTXQLqk+SyD2lu1FEf+Alw25xhxZ2LefTa5XQZ5lKchQH+abPzJzNhYLi4DBHISKFVsXxlVAfsOgK8AWwrKUWeEqBRmDObWqQogEOg6k1GNbuH+/uNFO5uJqO2UvyQohkJsDGqsX4IqflP7cykaIolmjL6enF+NDv8eIxvTw/ePJ8tT/CB8ZZtbwkqU4DpQU/AMbuqDmvtco66YF6AY+17HRKxTQ5at9xsVm5RDhLYdiQ9AbF+1qKn1g52k5OdqHV5MHt7u4fNrfNPKXBMbvBG7RzXTbgRo9J0qq6YC5musyW088BXY1+fdgglU0cuM08hLSNgd2NTiNHqCfq75WlC1yFEsATURctALMVWLa6VRtW0lgiYvn1ve8wTAV74PKWYrb8YMTZqq6Y5sNLXQek60pg2oSgPJeb1AInbTShVb7vf2n1sUhTrlnZ+H+viutbq9ujz94/TWopfAQAA//8hrfBO0AIAAA==",
            "vpc_security_group_ids": [
              "sg-046736f41f8cc8344"
            ]
          },
          "sensitive_attributes": [],
          "private": "bnVsbA==",
          "dependencies": [
            "module.autoscaling.data.aws_ami.ubuntu",
            "module.autoscaling.data.template_cloudinit_config.config",
            "module.autoscaling.module.iam_instance_profile.aws_iam_instance_profile.iam_instance_profile",
            "module.networking.module.db_sg.aws_security_group.security_group",
            "module.networking.module.lb_sg.aws_security_group.security_group",
            "module.networking.module.websvr_sg.aws_security_group.security_group"
          ]
        }
      ]
    },
    {
      "module": "module.autoscaling.module.alb",
      "mode": "managed",
      "type": "aws_lb",
      "name": "application_no_logs",
      "provider": "provider[\"registry.terraform.io/hashicorp/aws\"]",
      "instances": [
        {
          "index_key": 0,
          "schema_version": 0,
          "attributes": {
            "access_logs": [
              {
                "bucket": "",
                "enabled": false,
                "prefix": ""
              }
            ],
            "arn": "arn:aws:elasticloadbalancing:us-west-2:058913055553:loadbalancer/app/my-cool-project-alb/053cbdd68e36d10e",
            "arn_suffix": "app/my-cool-project-alb/053cbdd68e36d10e",
            "dns_name": "my-cool-project-alb-276317716.us-west-2.elb.amazonaws.com",
            "drop_invalid_header_fields": false,
            "enable_cross_zone_load_balancing": null,
            "enable_deletion_protection": false,
            "enable_http2": true,
            "id": "arn:aws:elasticloadbalancing:us-west-2:058913055553:loadbalancer/app/my-cool-project-alb/053cbdd68e36d10e",
            "idle_timeout": 60,
            "internal": false,
            "ip_address_type": "ipv4",
            "load_balancer_type": "application",
            "name": "my-cool-project-alb",
            "name_prefix": null,
            "security_groups": [
              "sg-075f042abadf8a6fc"
            ],
            "subnet_mapping": [
              {
                "allocation_id": "",
                "subnet_id": "subnet-09911ce63805965a0"
              },
              {
                "allocation_id": "",
                "subnet_id": "subnet-0c14a94f3fbbdcd83"
              },
              {
                "allocation_id": "",
                "subnet_id": "subnet-0e508e81c320fc55a"
              }
            ],
            "subnets": [
              "subnet-09911ce63805965a0",
              "subnet-0c14a94f3fbbdcd83",
              "subnet-0e508e81c320fc55a"
            ],
            "tags": {
              "Name": "my-cool-project-alb"
            },
            "timeouts": {
              "create": "10m",
              "delete": "10m",
              "update": "10m"
            },
            "vpc_id": "vpc-04373c10dcc174624",
            "zone_id": "Z1H1FL5HABSF5"
          },
          "sensitive_attributes": [],
          "private": "eyJlMmJmYjczMC1lY2FhLTExZTYtOGY4OC0zNDM2M2JjN2M0YzAiOnsiY3JlYXRlIjo2MDAwMDAwMDAwMDAsImRlbGV0ZSI6NjAwMDAwMDAwMDAwLCJ1cGRhdGUiOjYwMDAwMDAwMDAwMH19",
          "dependencies": [
            "module.networking.data.aws_availability_zones.available",
            "module.networking.module.db_sg.aws_security_group.security_group",
            "module.networking.module.lb_sg.aws_security_group.security_group",
            "module.networking.module.vpc.aws_db_subnet_group.database",
            "module.networking.module.vpc.aws_default_network_acl.this",
            "module.networking.module.vpc.aws_default_vpc.this",
            "module.networking.module.vpc.aws_eip.nat",
            "module.networking.module.vpc.aws_elasticache_subnet_group.elasticache",
            "module.networking.module.vpc.aws_internet_gateway.this",
            "module.networking.module.vpc.aws_nat_gateway.this",
            "module.networking.module.vpc.aws_network_acl.database",
            "module.networking.module.vpc.aws_network_acl.elasticache",
            "module.networking.module.vpc.aws_network_acl.intra",
            "module.networking.module.vpc.aws_network_acl.private",
            "module.networking.module.vpc.aws_network_acl.public",
            "module.networking.module.vpc.aws_network_acl.redshift",
            "module.networking.module.vpc.aws_network_acl_rule.database_inbound",
            "module.networking.module.vpc.aws_network_acl_rule.database_outbound",
            "module.networking.module.vpc.aws_network_acl_rule.elasticache_inbound",
            "module.networking.module.vpc.aws_network_acl_rule.elasticache_outbound",
            "module.networking.module.vpc.aws_network_acl_rule.intra_inbound",
            "module.networking.module.vpc.aws_network_acl_rule.intra_outbound",
            "module.networking.module.vpc.aws_network_acl_rule.private_inbound",
            "module.networking.module.vpc.aws_network_acl_rule.private_outbound",
            "module.networking.module.vpc.aws_network_acl_rule.public_inbound",
            "module.networking.module.vpc.aws_network_acl_rule.public_outbound",
            "module.networking.module.vpc.aws_network_acl_rule.redshift_inbound",
            "module.networking.module.vpc.aws_network_acl_rule.redshift_outbound",
            "module.networking.module.vpc.aws_redshift_subnet_group.redshift",
            "module.networking.module.vpc.aws_route.database_internet_gateway",
            "module.networking.module.vpc.aws_route.database_nat_gateway",
            "module.networking.module.vpc.aws_route.private_nat_gateway",
            "module.networking.module.vpc.aws_route.public_internet_gateway",
            "module.networking.module.vpc.aws_route_table.database",
            "module.networking.module.vpc.aws_route_table.elasticache",
            "module.networking.module.vpc.aws_route_table.intra",
            "module.networking.module.vpc.aws_route_table.private",
            "module.networking.module.vpc.aws_route_table.public",
            "module.networking.module.vpc.aws_route_table.redshift",
            "module.networking.module.vpc.aws_route_table_association.database",
            "module.networking.module.vpc.aws_route_table_association.elasticache",
            "module.networking.module.vpc.aws_route_table_association.intra",
            "module.networking.module.vpc.aws_route_table_association.private",
            "module.networking.module.vpc.aws_route_table_association.public",
            "module.networking.module.vpc.aws_route_table_association.redshift",
            "module.networking.module.vpc.aws_route_table_association.redshift_public",
            "module.networking.module.vpc.aws_subnet.database",
            "module.networking.module.vpc.aws_subnet.elasticache",
            "module.networking.module.vpc.aws_subnet.intra",
            "module.networking.module.vpc.aws_subnet.private",
            "module.networking.module.vpc.aws_subnet.public",
            "module.networking.module.vpc.aws_subnet.redshift",
            "module.networking.module.vpc.aws_vpc.this",
            "module.networking.module.vpc.aws_vpc_dhcp_options.this",
            "module.networking.module.vpc.aws_vpc_dhcp_options_association.this",
            "module.networking.module.vpc.aws_vpc_endpoint.apigw",
            "module.networking.module.vpc.aws_vpc_endpoint.cloudtrail",
            "module.networking.module.vpc.aws_vpc_endpoint.dynamodb",
            "module.networking.module.vpc.aws_vpc_endpoint.ec2",
            "module.networking.module.vpc.aws_vpc_endpoint.ec2messages",
            "module.networking.module.vpc.aws_vpc_endpoint.ecr_api",
            "module.networking.module.vpc.aws_vpc_endpoint.ecr_dkr",
            "module.networking.module.vpc.aws_vpc_endpoint.ecs",
            "module.networking.module.vpc.aws_vpc_endpoint.ecs_agent",
            "module.networking.module.vpc.aws_vpc_endpoint.ecs_telemetry",
            "module.networking.module.vpc.aws_vpc_endpoint.elasticloadbalancing",
            "module.networking.module.vpc.aws_vpc_endpoint.events",
            "module.networking.module.vpc.aws_vpc_endpoint.kms",
            "module.networking.module.vpc.aws_vpc_endpoint.logs",
            "module.networking.module.vpc.aws_vpc_endpoint.monitoring",
            "module.networking.module.vpc.aws_vpc_endpoint.s3",
            "module.networking.module.vpc.aws_vpc_endpoint.sns",
            "module.networking.module.vpc.aws_vpc_endpoint.sqs",
            "module.networking.module.vpc.aws_vpc_endpoint.ssm",
            "module.networking.module.vpc.aws_vpc_endpoint.ssmmessages",
            "module.networking.module.vpc.aws_vpc_endpoint_route_table_association.intra_dynamodb",
            "module.networking.module.vpc.aws_vpc_endpoint_route_table_association.intra_s3",
            "module.networking.module.vpc.aws_vpc_endpoint_route_table_association.private_dynamodb",
            "module.networking.module.vpc.aws_vpc_endpoint_route_table_association.private_s3",
            "module.networking.module.vpc.aws_vpc_endpoint_route_table_association.public_dynamodb",
            "module.networking.module.vpc.aws_vpc_endpoint_route_table_association.public_s3",
            "module.networking.module.vpc.aws_vpc_ipv4_cidr_block_association.this",
            "module.networking.module.vpc.aws_vpn_gateway.this",
            "module.networking.module.vpc.aws_vpn_gateway_attachment.this",
            "module.networking.module.vpc.aws_vpn_gateway_route_propagation.private",
            "module.networking.module.vpc.aws_vpn_gateway_route_propagation.public",
            "module.networking.module.vpc.data.aws_vpc_endpoint_service.apigw",
            "module.networking.module.vpc.data.aws_vpc_endpoint_service.cloudtrail",
            "module.networking.module.vpc.data.aws_vpc_endpoint_service.dynamodb",
            "module.networking.module.vpc.data.aws_vpc_endpoint_service.ec2",
            "module.networking.module.vpc.data.aws_vpc_endpoint_service.ec2messages",
            "module.networking.module.vpc.data.aws_vpc_endpoint_service.ecr_api",
            "module.networking.module.vpc.data.aws_vpc_endpoint_service.ecr_dkr",
            "module.networking.module.vpc.data.aws_vpc_endpoint_service.ecs",
            "module.networking.module.vpc.data.aws_vpc_endpoint_service.ecs_agent",
            "module.networking.module.vpc.data.aws_vpc_endpoint_service.ecs_telemetry",
            "module.networking.module.vpc.data.aws_vpc_endpoint_service.elasticloadbalancing",
            "module.networking.module.vpc.data.aws_vpc_endpoint_service.events",
            "module.networking.module.vpc.data.aws_vpc_endpoint_service.kms",
            "module.networking.module.vpc.data.aws_vpc_endpoint_service.logs",
            "module.networking.module.vpc.data.aws_vpc_endpoint_service.monitoring",
            "module.networking.module.vpc.data.aws_vpc_endpoint_service.s3",
            "module.networking.module.vpc.data.aws_vpc_endpoint_service.sns",
            "module.networking.module.vpc.data.aws_vpc_endpoint_service.sqs",
            "module.networking.module.vpc.data.aws_vpc_endpoint_service.ssm",
            "module.networking.module.vpc.data.aws_vpc_endpoint_service.ssmmessages",
            "module.networking.module.websvr_sg.aws_security_group.security_group"
          ],
          "create_before_destroy": true
        }
      ]
    },
    {
      "module": "module.autoscaling.module.alb",
      "mode": "managed",
      "type": "aws_lb_listener",
      "name": "frontend_http_tcp_no_logs",
      "provider": "provider[\"registry.terraform.io/hashicorp/aws\"]",
      "instances": [
        {
          "index_key": 0,
          "schema_version": 0,
          "attributes": {
            "arn": "arn:aws:elasticloadbalancing:us-west-2:058913055553:listener/app/my-cool-project-alb/053cbdd68e36d10e/86b7f253acbb194d",
            "certificate_arn": null,
            "default_action": [
              {
                "authenticate_cognito": [],
                "authenticate_oidc": [],
                "fixed_response": [],
                "forward": [],
                "order": 1,
                "redirect": [],
                "target_group_arn": "arn:aws:elasticloadbalancing:us-west-2:058913055553:targetgroup/websvr/8870f82e654ca5ad",
                "type": "forward"
              }
            ],
            "id": "arn:aws:elasticloadbalancing:us-west-2:058913055553:listener/app/my-cool-project-alb/053cbdd68e36d10e/86b7f253acbb194d",
            "load_balancer_arn": "arn:aws:elasticloadbalancing:us-west-2:058913055553:loadbalancer/app/my-cool-project-alb/053cbdd68e36d10e",
            "port": 80,
            "protocol": "HTTP",
            "ssl_policy": "",
            "timeouts": null
          },
          "sensitive_attributes": [],
          "private": "eyJlMmJmYjczMC1lY2FhLTExZTYtOGY4OC0zNDM2M2JjN2M0YzAiOnsicmVhZCI6NjAwMDAwMDAwMDAwfX0=",
          "dependencies": [
            "module.autoscaling.module.alb.aws_lb.application_no_logs",
            "module.autoscaling.module.alb.aws_lb_target_group.main_no_logs",
            "module.networking.data.aws_availability_zones.available",
            "module.networking.module.db_sg.aws_security_group.security_group",
            "module.networking.module.lb_sg.aws_security_group.security_group",
            "module.networking.module.vpc.aws_db_subnet_group.database",
            "module.networking.module.vpc.aws_default_network_acl.this",
            "module.networking.module.vpc.aws_default_vpc.this",
            "module.networking.module.vpc.aws_eip.nat",
            "module.networking.module.vpc.aws_elasticache_subnet_group.elasticache",
            "module.networking.module.vpc.aws_internet_gateway.this",
            "module.networking.module.vpc.aws_nat_gateway.this",
            "module.networking.module.vpc.aws_network_acl.database",
            "module.networking.module.vpc.aws_network_acl.elasticache",
            "module.networking.module.vpc.aws_network_acl.intra",
            "module.networking.module.vpc.aws_network_acl.private",
            "module.networking.module.vpc.aws_network_acl.public",
            "module.networking.module.vpc.aws_network_acl.redshift",
            "module.networking.module.vpc.aws_network_acl_rule.database_inbound",
            "module.networking.module.vpc.aws_network_acl_rule.database_outbound",
            "module.networking.module.vpc.aws_network_acl_rule.elasticache_inbound",
            "module.networking.module.vpc.aws_network_acl_rule.elasticache_outbound",
            "module.networking.module.vpc.aws_network_acl_rule.intra_inbound",
            "module.networking.module.vpc.aws_network_acl_rule.intra_outbound",
            "module.networking.module.vpc.aws_network_acl_rule.private_inbound",
            "module.networking.module.vpc.aws_network_acl_rule.private_outbound",
            "module.networking.module.vpc.aws_network_acl_rule.public_inbound",
            "module.networking.module.vpc.aws_network_acl_rule.public_outbound",
            "module.networking.module.vpc.aws_network_acl_rule.redshift_inbound",
            "module.networking.module.vpc.aws_network_acl_rule.redshift_outbound",
            "module.networking.module.vpc.aws_redshift_subnet_group.redshift",
            "module.networking.module.vpc.aws_route.database_internet_gateway",
            "module.networking.module.vpc.aws_route.database_nat_gateway",
            "module.networking.module.vpc.aws_route.private_nat_gateway",
            "module.networking.module.vpc.aws_route.public_internet_gateway",
            "module.networking.module.vpc.aws_route_table.database",
            "module.networking.module.vpc.aws_route_table.elasticache",
            "module.networking.module.vpc.aws_route_table.intra",
            "module.networking.module.vpc.aws_route_table.private",
            "module.networking.module.vpc.aws_route_table.public",
            "module.networking.module.vpc.aws_route_table.redshift",
            "module.networking.module.vpc.aws_route_table_association.database",
            "module.networking.module.vpc.aws_route_table_association.elasticache",
            "module.networking.module.vpc.aws_route_table_association.intra",
            "module.networking.module.vpc.aws_route_table_association.private",
            "module.networking.module.vpc.aws_route_table_association.public",
            "module.networking.module.vpc.aws_route_table_association.redshift",
            "module.networking.module.vpc.aws_route_table_association.redshift_public",
            "module.networking.module.vpc.aws_subnet.database",
            "module.networking.module.vpc.aws_subnet.elasticache",
            "module.networking.module.vpc.aws_subnet.intra",
            "module.networking.module.vpc.aws_subnet.private",
            "module.networking.module.vpc.aws_subnet.public",
            "module.networking.module.vpc.aws_subnet.redshift",
            "module.networking.module.vpc.aws_vpc.this",
            "module.networking.module.vpc.aws_vpc_dhcp_options.this",
            "module.networking.module.vpc.aws_vpc_dhcp_options_association.this",
            "module.networking.module.vpc.aws_vpc_endpoint.apigw",
            "module.networking.module.vpc.aws_vpc_endpoint.cloudtrail",
            "module.networking.module.vpc.aws_vpc_endpoint.dynamodb",
            "module.networking.module.vpc.aws_vpc_endpoint.ec2",
            "module.networking.module.vpc.aws_vpc_endpoint.ec2messages",
            "module.networking.module.vpc.aws_vpc_endpoint.ecr_api",
            "module.networking.module.vpc.aws_vpc_endpoint.ecr_dkr",
            "module.networking.module.vpc.aws_vpc_endpoint.ecs",
            "module.networking.module.vpc.aws_vpc_endpoint.ecs_agent",
            "module.networking.module.vpc.aws_vpc_endpoint.ecs_telemetry",
            "module.networking.module.vpc.aws_vpc_endpoint.elasticloadbalancing",
            "module.networking.module.vpc.aws_vpc_endpoint.events",
            "module.networking.module.vpc.aws_vpc_endpoint.kms",
            "module.networking.module.vpc.aws_vpc_endpoint.logs",
            "module.networking.module.vpc.aws_vpc_endpoint.monitoring",
            "module.networking.module.vpc.aws_vpc_endpoint.s3",
            "module.networking.module.vpc.aws_vpc_endpoint.sns",
            "module.networking.module.vpc.aws_vpc_endpoint.sqs",
            "module.networking.module.vpc.aws_vpc_endpoint.ssm",
            "module.networking.module.vpc.aws_vpc_endpoint.ssmmessages",
            "module.networking.module.vpc.aws_vpc_endpoint_route_table_association.intra_dynamodb",
            "module.networking.module.vpc.aws_vpc_endpoint_route_table_association.intra_s3",
            "module.networking.module.vpc.aws_vpc_endpoint_route_table_association.private_dynamodb",
            "module.networking.module.vpc.aws_vpc_endpoint_route_table_association.private_s3",
            "module.networking.module.vpc.aws_vpc_endpoint_route_table_association.public_dynamodb",
            "module.networking.module.vpc.aws_vpc_endpoint_route_table_association.public_s3",
            "module.networking.module.vpc.aws_vpc_ipv4_cidr_block_association.this",
            "module.networking.module.vpc.aws_vpn_gateway.this",
            "module.networking.module.vpc.aws_vpn_gateway_attachment.this",
            "module.networking.module.vpc.aws_vpn_gateway_route_propagation.private",
            "module.networking.module.vpc.aws_vpn_gateway_route_propagation.public",
            "module.networking.module.vpc.data.aws_vpc_endpoint_service.apigw",
            "module.networking.module.vpc.data.aws_vpc_endpoint_service.cloudtrail",
            "module.networking.module.vpc.data.aws_vpc_endpoint_service.dynamodb",
            "module.networking.module.vpc.data.aws_vpc_endpoint_service.ec2",
            "module.networking.module.vpc.data.aws_vpc_endpoint_service.ec2messages",
            "module.networking.module.vpc.data.aws_vpc_endpoint_service.ecr_api",
            "module.networking.module.vpc.data.aws_vpc_endpoint_service.ecr_dkr",
            "module.networking.module.vpc.data.aws_vpc_endpoint_service.ecs",
            "module.networking.module.vpc.data.aws_vpc_endpoint_service.ecs_agent",
            "module.networking.module.vpc.data.aws_vpc_endpoint_service.ecs_telemetry",
            "module.networking.module.vpc.data.aws_vpc_endpoint_service.elasticloadbalancing",
            "module.networking.module.vpc.data.aws_vpc_endpoint_service.events",
            "module.networking.module.vpc.data.aws_vpc_endpoint_service.kms",
            "module.networking.module.vpc.data.aws_vpc_endpoint_service.logs",
            "module.networking.module.vpc.data.aws_vpc_endpoint_service.monitoring",
            "module.networking.module.vpc.data.aws_vpc_endpoint_service.s3",
            "module.networking.module.vpc.data.aws_vpc_endpoint_service.sns",
            "module.networking.module.vpc.data.aws_vpc_endpoint_service.sqs",
            "module.networking.module.vpc.data.aws_vpc_endpoint_service.ssm",
            "module.networking.module.vpc.data.aws_vpc_endpoint_service.ssmmessages",
            "module.networking.module.websvr_sg.aws_security_group.security_group"
          ]
        }
      ]
    },
    {
      "module": "module.autoscaling.module.alb",
      "mode": "managed",
      "type": "aws_lb_target_group",
      "name": "main_no_logs",
      "provider": "provider[\"registry.terraform.io/hashicorp/aws\"]",
      "instances": [
        {
          "index_key": 0,
          "schema_version": 0,
          "attributes": {
            "arn": "arn:aws:elasticloadbalancing:us-west-2:058913055553:targetgroup/websvr/8870f82e654ca5ad",
            "arn_suffix": "targetgroup/websvr/8870f82e654ca5ad",
            "deregistration_delay": 300,
            "health_check": [
              {
                "enabled": true,
                "healthy_threshold": 3,
                "interval": 10,
                "matcher": "200-299",
                "path": "/",
                "port": "traffic-port",
                "protocol": "HTTP",
                "timeout": 5,
                "unhealthy_threshold": 3
              }
            ],
            "id": "arn:aws:elasticloadbalancing:us-west-2:058913055553:targetgroup/websvr/8870f82e654ca5ad",
            "lambda_multi_value_headers_enabled": false,
            "load_balancing_algorithm_type": "round_robin",
            "name": "websvr",
            "name_prefix": null,
            "port": 8080,
            "protocol": "HTTP",
            "proxy_protocol_v2": false,
            "slow_start": 0,
            "stickiness": [
              {
                "cookie_duration": 86400,
                "enabled": true,
                "type": "lb_cookie"
              }
            ],
            "tags": {
              "Name": "websvr"
            },
            "target_type": "instance",
            "vpc_id": "vpc-04373c10dcc174624"
          },
          "sensitive_attributes": [],
          "private": "bnVsbA==",
          "dependencies": [
            "module.autoscaling.module.alb.aws_lb.application_no_logs",
            "module.networking.data.aws_availability_zones.available",
            "module.networking.module.db_sg.aws_security_group.security_group",
            "module.networking.module.lb_sg.aws_security_group.security_group",
            "module.networking.module.vpc.aws_db_subnet_group.database",
            "module.networking.module.vpc.aws_default_network_acl.this",
            "module.networking.module.vpc.aws_default_vpc.this",
            "module.networking.module.vpc.aws_eip.nat",
            "module.networking.module.vpc.aws_elasticache_subnet_group.elasticache",
            "module.networking.module.vpc.aws_internet_gateway.this",
            "module.networking.module.vpc.aws_nat_gateway.this",
            "module.networking.module.vpc.aws_network_acl.database",
            "module.networking.module.vpc.aws_network_acl.elasticache",
            "module.networking.module.vpc.aws_network_acl.intra",
            "module.networking.module.vpc.aws_network_acl.private",
            "module.networking.module.vpc.aws_network_acl.public",
            "module.networking.module.vpc.aws_network_acl.redshift",
            "module.networking.module.vpc.aws_network_acl_rule.database_inbound",
            "module.networking.module.vpc.aws_network_acl_rule.database_outbound",
            "module.networking.module.vpc.aws_network_acl_rule.elasticache_inbound",
            "module.networking.module.vpc.aws_network_acl_rule.elasticache_outbound",
            "module.networking.module.vpc.aws_network_acl_rule.intra_inbound",
            "module.networking.module.vpc.aws_network_acl_rule.intra_outbound",
            "module.networking.module.vpc.aws_network_acl_rule.private_inbound",
            "module.networking.module.vpc.aws_network_acl_rule.private_outbound",
            "module.networking.module.vpc.aws_network_acl_rule.public_inbound",
            "module.networking.module.vpc.aws_network_acl_rule.public_outbound",
            "module.networking.module.vpc.aws_network_acl_rule.redshift_inbound",
            "module.networking.module.vpc.aws_network_acl_rule.redshift_outbound",
            "module.networking.module.vpc.aws_redshift_subnet_group.redshift",
            "module.networking.module.vpc.aws_route.database_internet_gateway",
            "module.networking.module.vpc.aws_route.database_nat_gateway",
            "module.networking.module.vpc.aws_route.private_nat_gateway",
            "module.networking.module.vpc.aws_route.public_internet_gateway",
            "module.networking.module.vpc.aws_route_table.database",
            "module.networking.module.vpc.aws_route_table.elasticache",
            "module.networking.module.vpc.aws_route_table.intra",
            "module.networking.module.vpc.aws_route_table.private",
            "module.networking.module.vpc.aws_route_table.public",
            "module.networking.module.vpc.aws_route_table.redshift",
            "module.networking.module.vpc.aws_route_table_association.database",
            "module.networking.module.vpc.aws_route_table_association.elasticache",
            "module.networking.module.vpc.aws_route_table_association.intra",
            "module.networking.module.vpc.aws_route_table_association.private",
            "module.networking.module.vpc.aws_route_table_association.public",
            "module.networking.module.vpc.aws_route_table_association.redshift",
            "module.networking.module.vpc.aws_route_table_association.redshift_public",
            "module.networking.module.vpc.aws_subnet.database",
            "module.networking.module.vpc.aws_subnet.elasticache",
            "module.networking.module.vpc.aws_subnet.intra",
            "module.networking.module.vpc.aws_subnet.private",
            "module.networking.module.vpc.aws_subnet.public",
            "module.networking.module.vpc.aws_subnet.redshift",
            "module.networking.module.vpc.aws_vpc.this",
            "module.networking.module.vpc.aws_vpc_dhcp_options.this",
            "module.networking.module.vpc.aws_vpc_dhcp_options_association.this",
            "module.networking.module.vpc.aws_vpc_endpoint.apigw",
            "module.networking.module.vpc.aws_vpc_endpoint.cloudtrail",
            "module.networking.module.vpc.aws_vpc_endpoint.dynamodb",
            "module.networking.module.vpc.aws_vpc_endpoint.ec2",
            "module.networking.module.vpc.aws_vpc_endpoint.ec2messages",
            "module.networking.module.vpc.aws_vpc_endpoint.ecr_api",
            "module.networking.module.vpc.aws_vpc_endpoint.ecr_dkr",
            "module.networking.module.vpc.aws_vpc_endpoint.ecs",
            "module.networking.module.vpc.aws_vpc_endpoint.ecs_agent",
            "module.networking.module.vpc.aws_vpc_endpoint.ecs_telemetry",
            "module.networking.module.vpc.aws_vpc_endpoint.elasticloadbalancing",
            "module.networking.module.vpc.aws_vpc_endpoint.events",
            "module.networking.module.vpc.aws_vpc_endpoint.kms",
            "module.networking.module.vpc.aws_vpc_endpoint.logs",
            "module.networking.module.vpc.aws_vpc_endpoint.monitoring",
            "module.networking.module.vpc.aws_vpc_endpoint.s3",
            "module.networking.module.vpc.aws_vpc_endpoint.sns",
            "module.networking.module.vpc.aws_vpc_endpoint.sqs",
            "module.networking.module.vpc.aws_vpc_endpoint.ssm",
            "module.networking.module.vpc.aws_vpc_endpoint.ssmmessages",
            "module.networking.module.vpc.aws_vpc_endpoint_route_table_association.intra_dynamodb",
            "module.networking.module.vpc.aws_vpc_endpoint_route_table_association.intra_s3",
            "module.networking.module.vpc.aws_vpc_endpoint_route_table_association.private_dynamodb",
            "module.networking.module.vpc.aws_vpc_endpoint_route_table_association.private_s3",
            "module.networking.module.vpc.aws_vpc_endpoint_route_table_association.public_dynamodb",
            "module.networking.module.vpc.aws_vpc_endpoint_route_table_association.public_s3",
            "module.networking.module.vpc.aws_vpc_ipv4_cidr_block_association.this",
            "module.networking.module.vpc.aws_vpn_gateway.this",
            "module.networking.module.vpc.aws_vpn_gateway_attachment.this",
            "module.networking.module.vpc.aws_vpn_gateway_route_propagation.private",
            "module.networking.module.vpc.aws_vpn_gateway_route_propagation.public",
            "module.networking.module.vpc.data.aws_vpc_endpoint_service.apigw",
            "module.networking.module.vpc.data.aws_vpc_endpoint_service.cloudtrail",
            "module.networking.module.vpc.data.aws_vpc_endpoint_service.dynamodb",
            "module.networking.module.vpc.data.aws_vpc_endpoint_service.ec2",
            "module.networking.module.vpc.data.aws_vpc_endpoint_service.ec2messages",
            "module.networking.module.vpc.data.aws_vpc_endpoint_service.ecr_api",
            "module.networking.module.vpc.data.aws_vpc_endpoint_service.ecr_dkr",
            "module.networking.module.vpc.data.aws_vpc_endpoint_service.ecs",
            "module.networking.module.vpc.data.aws_vpc_endpoint_service.ecs_agent",
            "module.networking.module.vpc.data.aws_vpc_endpoint_service.ecs_telemetry",
            "module.networking.module.vpc.data.aws_vpc_endpoint_service.elasticloadbalancing",
            "module.networking.module.vpc.data.aws_vpc_endpoint_service.events",
            "module.networking.module.vpc.data.aws_vpc_endpoint_service.kms",
            "module.networking.module.vpc.data.aws_vpc_endpoint_service.logs",
            "module.networking.module.vpc.data.aws_vpc_endpoint_service.monitoring",
            "module.networking.module.vpc.data.aws_vpc_endpoint_service.s3",
            "module.networking.module.vpc.data.aws_vpc_endpoint_service.sns",
            "module.networking.module.vpc.data.aws_vpc_endpoint_service.sqs",
            "module.networking.module.vpc.data.aws_vpc_endpoint_service.ssm",
            "module.networking.module.vpc.data.aws_vpc_endpoint_service.ssmmessages",
            "module.networking.module.websvr_sg.aws_security_group.security_group"
          ],
          "create_before_destroy": true
        }
      ]
    },
    {
      "module": "module.autoscaling.module.iam_instance_profile",
      "mode": "data",
      "type": "aws_iam_policy_document",
      "name": "iam_policy_document",
      "provider": "provider[\"registry.terraform.io/hashicorp/aws\"]",
      "instances": [
        {
          "schema_version": 0,
          "attributes": {
            "id": "2717263653",
            "json": "{\n  \"Version\": \"2012-10-17\",\n  \"Statement\": [\n    {\n      \"Sid\": \"\",\n      \"Effect\": \"Allow\",\n      \"Action\": [\n        \"rds:*\",\n        \"logs:*\"\n      ],\n      \"Resource\": \"*\"\n    }\n  ]\n}",
            "override_json": null,
            "policy_id": null,
            "source_json": null,
            "statement": [
              {
                "actions": [
                  "logs:*",
                  "rds:*"
                ],
                "condition": [],
                "effect": "Allow",
                "not_actions": [],
                "not_principals": [],
                "not_resources": [],
                "principals": [],
                "resources": [
                  "*"
                ],
                "sid": ""
              }
            ],
            "version": "2012-10-17"
          },
          "sensitive_attributes": []
        }
      ]
    },
    {
      "module": "module.autoscaling.module.iam_instance_profile",
      "mode": "managed",
      "type": "aws_iam_instance_profile",
      "name": "iam_instance_profile",
      "provider": "provider[\"registry.terraform.io/hashicorp/aws\"]",
      "instances": [
        {
          "schema_version": 0,
          "attributes": {
            "arn": "arn:aws:iam::058913055553:instance-profile/terraform-20201231202702375200000003",
            "create_date": "2020-12-31T20:27:02Z",
            "id": "terraform-20201231202702375200000003",
            "name": "terraform-20201231202702375200000003",
            "name_prefix": null,
            "path": "/",
            "role": "terraform-20201231202701504600000001",
            "roles": [
              "terraform-20201231202701504600000001"
            ],
            "unique_id": "AIPAQ3N354NAUN4KGMSV4"
          },
          "sensitive_attributes": [],
          "private": "bnVsbA==",
          "dependencies": [
            "module.autoscaling.module.iam_instance_profile.aws_iam_role.iam_role"
          ]
        }
      ]
    },
    {
      "module": "module.autoscaling.module.iam_instance_profile",
      "mode": "managed",
      "type": "aws_iam_role",
      "name": "iam_role",
      "provider": "provider[\"registry.terraform.io/hashicorp/aws\"]",
      "instances": [
        {
          "schema_version": 0,
          "attributes": {
            "arn": "arn:aws:iam::058913055553:role/terraform-20201231202701504600000001",
            "assume_role_policy": "{\"Version\":\"2012-10-17\",\"Statement\":[{\"Effect\":\"Allow\",\"Principal\":{\"Service\":\"ec2.amazonaws.com\"},\"Action\":\"sts:AssumeRole\"}]}",
            "create_date": "2020-12-31T20:27:01Z",
            "description": "",
            "force_detach_policies": false,
            "id": "terraform-20201231202701504600000001",
            "max_session_duration": 3600,
            "name": "terraform-20201231202701504600000001",
            "name_prefix": null,
            "path": "/",
            "permissions_boundary": null,
            "tags": {},
            "unique_id": "AROAQ3N354NASGTVV3CU3"
          },
          "sensitive_attributes": [],
          "private": "bnVsbA=="
        }
      ]
    },
    {
      "module": "module.autoscaling.module.iam_instance_profile",
      "mode": "managed",
      "type": "aws_iam_role_policy",
      "name": "iam_role_policy",
      "provider": "provider[\"registry.terraform.io/hashicorp/aws\"]",
      "instances": [
        {
          "schema_version": 0,
          "attributes": {
            "id": "terraform-20201231202701504600000001:terraform-20201231202702375200000002",
            "name": "terraform-20201231202702375200000002",
            "name_prefix": null,
            "policy": "{\n  \"Version\": \"2012-10-17\",\n  \"Statement\": [\n    {\n      \"Sid\": \"\",\n      \"Effect\": \"Allow\",\n      \"Action\": [\n        \"rds:*\",\n        \"logs:*\"\n      ],\n      \"Resource\": \"*\"\n    }\n  ]\n}",
            "role": "terraform-20201231202701504600000001"
          },
          "sensitive_attributes": [],
          "private": "bnVsbA==",
          "dependencies": [
            "module.autoscaling.module.iam_instance_profile.aws_iam_role.iam_role",
            "module.autoscaling.module.iam_instance_profile.data.aws_iam_policy_document.iam_policy_document"
          ]
        }
      ]
    },
    {
      "module": "module.database",
      "mode": "managed",
      "type": "aws_db_instance",
      "name": "database",
      "provider": "provider[\"registry.terraform.io/hashicorp/aws\"]",
      "instances": [
        {
          "schema_version": 1,
          "attributes": {
            "address": "my-cool-project-db-instance.ckzzxcjp5nea.us-west-2.rds.amazonaws.com",
            "allocated_storage": 10,
            "allow_major_version_upgrade": null,
            "apply_immediately": null,
            "arn": "arn:aws:rds:us-west-2:058913055553:db:my-cool-project-db-instance",
            "auto_minor_version_upgrade": true,
            "availability_zone": "us-west-2b",
            "backup_retention_period": 0,
            "backup_window": "13:22-13:52",
            "ca_cert_identifier": "rds-ca-2019",
            "character_set_name": null,
            "copy_tags_to_snapshot": false,
            "db_subnet_group_name": "my-cool-project-vpc",
            "delete_automated_backups": true,
            "deletion_protection": false,
            "domain": "",
            "domain_iam_role_name": "",
            "enabled_cloudwatch_logs_exports": [],
            "endpoint": "my-cool-project-db-instance.ckzzxcjp5nea.us-west-2.rds.amazonaws.com:3306",
            "engine": "mysql",
            "engine_version": "5.7.26",
            "final_snapshot_identifier": null,
            "hosted_zone_id": "Z1PVIF0B656C1W",
            "iam_database_authentication_enabled": false,
            "id": "my-cool-project-db-instance",
            "identifier": "my-cool-project-db-instance",
            "identifier_prefix": null,
            "instance_class": "db.t2.micro",
            "iops": 0,
            "kms_key_id": "",
            "license_model": "general-public-license",
            "maintenance_window": "wed:12:50-wed:13:20",
            "max_allocated_storage": 0,
            "monitoring_interval": 0,
            "monitoring_role_arn": "",
            "multi_az": false,
            "name": "pets",
            "option_group_name": "default:mysql-5-7",
            "parameter_group_name": "default.mysql5.7",
            "password": "R7A6PBrHL5G9AkEr",
            "performance_insights_enabled": false,
            "performance_insights_kms_key_id": "",
            "performance_insights_retention_period": 0,
            "port": 3306,
            "publicly_accessible": false,
            "replicas": [],
            "replicate_source_db": "",
            "resource_id": "db-KM6XC3TK6NIKNNWIDYUCMVFL2U",
            "s3_import": [],
            "security_group_names": [],
            "skip_final_snapshot": true,
            "snapshot_identifier": null,
            "status": "available",
            "storage_encrypted": false,
            "storage_type": "gp2",
            "tags": {},
            "timeouts": null,
            "timezone": "",
            "username": "admin",
            "vpc_security_group_ids": [
              "sg-0dfbe1ccb6421b5c3"
            ]
          },
          "sensitive_attributes": [],
          "private": "eyJlMmJmYjczMC1lY2FhLTExZTYtOGY4OC0zNDM2M2JjN2M0YzAiOnsiY3JlYXRlIjoyNDAwMDAwMDAwMDAwLCJkZWxldGUiOjI0MDAwMDAwMDAwMDAsInVwZGF0ZSI6NDgwMDAwMDAwMDAwMH0sInNjaGVtYV92ZXJzaW9uIjoiMSJ9",
          "dependencies": [
            "module.database.random_id.random_16",
            "module.networking.data.aws_availability_zones.available",
            "module.networking.module.db_sg.aws_security_group.security_group",
            "module.networking.module.lb_sg.aws_security_group.security_group",
            "module.networking.module.vpc.aws_db_subnet_group.database",
            "module.networking.module.vpc.aws_default_network_acl.this",
            "module.networking.module.vpc.aws_default_vpc.this",
            "module.networking.module.vpc.aws_eip.nat",
            "module.networking.module.vpc.aws_elasticache_subnet_group.elasticache",
            "module.networking.module.vpc.aws_internet_gateway.this",
            "module.networking.module.vpc.aws_nat_gateway.this",
            "module.networking.module.vpc.aws_network_acl.database",
            "module.networking.module.vpc.aws_network_acl.elasticache",
            "module.networking.module.vpc.aws_network_acl.intra",
            "module.networking.module.vpc.aws_network_acl.private",
            "module.networking.module.vpc.aws_network_acl.public",
            "module.networking.module.vpc.aws_network_acl.redshift",
            "module.networking.module.vpc.aws_network_acl_rule.database_inbound",
            "module.networking.module.vpc.aws_network_acl_rule.database_outbound",
            "module.networking.module.vpc.aws_network_acl_rule.elasticache_inbound",
            "module.networking.module.vpc.aws_network_acl_rule.elasticache_outbound",
            "module.networking.module.vpc.aws_network_acl_rule.intra_inbound",
            "module.networking.module.vpc.aws_network_acl_rule.intra_outbound",
            "module.networking.module.vpc.aws_network_acl_rule.private_inbound",
            "module.networking.module.vpc.aws_network_acl_rule.private_outbound",
            "module.networking.module.vpc.aws_network_acl_rule.public_inbound",
            "module.networking.module.vpc.aws_network_acl_rule.public_outbound",
            "module.networking.module.vpc.aws_network_acl_rule.redshift_inbound",
            "module.networking.module.vpc.aws_network_acl_rule.redshift_outbound",
            "module.networking.module.vpc.aws_redshift_subnet_group.redshift",
            "module.networking.module.vpc.aws_route.database_internet_gateway",
            "module.networking.module.vpc.aws_route.database_nat_gateway",
            "module.networking.module.vpc.aws_route.private_nat_gateway",
            "module.networking.module.vpc.aws_route.public_internet_gateway",
            "module.networking.module.vpc.aws_route_table.database",
            "module.networking.module.vpc.aws_route_table.elasticache",
            "module.networking.module.vpc.aws_route_table.intra",
            "module.networking.module.vpc.aws_route_table.private",
            "module.networking.module.vpc.aws_route_table.public",
            "module.networking.module.vpc.aws_route_table.redshift",
            "module.networking.module.vpc.aws_route_table_association.database",
            "module.networking.module.vpc.aws_route_table_association.elasticache",
            "module.networking.module.vpc.aws_route_table_association.intra",
            "module.networking.module.vpc.aws_route_table_association.private",
            "module.networking.module.vpc.aws_route_table_association.public",
            "module.networking.module.vpc.aws_route_table_association.redshift",
            "module.networking.module.vpc.aws_route_table_association.redshift_public",
            "module.networking.module.vpc.aws_subnet.database",
            "module.networking.module.vpc.aws_subnet.elasticache",
            "module.networking.module.vpc.aws_subnet.intra",
            "module.networking.module.vpc.aws_subnet.private",
            "module.networking.module.vpc.aws_subnet.public",
            "module.networking.module.vpc.aws_subnet.redshift",
            "module.networking.module.vpc.aws_vpc.this",
            "module.networking.module.vpc.aws_vpc_dhcp_options.this",
            "module.networking.module.vpc.aws_vpc_dhcp_options_association.this",
            "module.networking.module.vpc.aws_vpc_endpoint.apigw",
            "module.networking.module.vpc.aws_vpc_endpoint.cloudtrail",
            "module.networking.module.vpc.aws_vpc_endpoint.dynamodb",
            "module.networking.module.vpc.aws_vpc_endpoint.ec2",
            "module.networking.module.vpc.aws_vpc_endpoint.ec2messages",
            "module.networking.module.vpc.aws_vpc_endpoint.ecr_api",
            "module.networking.module.vpc.aws_vpc_endpoint.ecr_dkr",
            "module.networking.module.vpc.aws_vpc_endpoint.ecs",
            "module.networking.module.vpc.aws_vpc_endpoint.ecs_agent",
            "module.networking.module.vpc.aws_vpc_endpoint.ecs_telemetry",
            "module.networking.module.vpc.aws_vpc_endpoint.elasticloadbalancing",
            "module.networking.module.vpc.aws_vpc_endpoint.events",
            "module.networking.module.vpc.aws_vpc_endpoint.kms",
            "module.networking.module.vpc.aws_vpc_endpoint.logs",
            "module.networking.module.vpc.aws_vpc_endpoint.monitoring",
            "module.networking.module.vpc.aws_vpc_endpoint.s3",
            "module.networking.module.vpc.aws_vpc_endpoint.sns",
            "module.networking.module.vpc.aws_vpc_endpoint.sqs",
            "module.networking.module.vpc.aws_vpc_endpoint.ssm",
            "module.networking.module.vpc.aws_vpc_endpoint.ssmmessages",
            "module.networking.module.vpc.aws_vpc_endpoint_route_table_association.intra_dynamodb",
            "module.networking.module.vpc.aws_vpc_endpoint_route_table_association.intra_s3",
            "module.networking.module.vpc.aws_vpc_endpoint_route_table_association.private_dynamodb",
            "module.networking.module.vpc.aws_vpc_endpoint_route_table_association.private_s3",
            "module.networking.module.vpc.aws_vpc_endpoint_route_table_association.public_dynamodb",
            "module.networking.module.vpc.aws_vpc_endpoint_route_table_association.public_s3",
            "module.networking.module.vpc.aws_vpc_ipv4_cidr_block_association.this",
            "module.networking.module.vpc.aws_vpn_gateway.this",
            "module.networking.module.vpc.aws_vpn_gateway_attachment.this",
            "module.networking.module.vpc.aws_vpn_gateway_route_propagation.private",
            "module.networking.module.vpc.aws_vpn_gateway_route_propagation.public",
            "module.networking.module.vpc.data.aws_vpc_endpoint_service.apigw",
            "module.networking.module.vpc.data.aws_vpc_endpoint_service.cloudtrail",
            "module.networking.module.vpc.data.aws_vpc_endpoint_service.dynamodb",
            "module.networking.module.vpc.data.aws_vpc_endpoint_service.ec2",
            "module.networking.module.vpc.data.aws_vpc_endpoint_service.ec2messages",
            "module.networking.module.vpc.data.aws_vpc_endpoint_service.ecr_api",
            "module.networking.module.vpc.data.aws_vpc_endpoint_service.ecr_dkr",
            "module.networking.module.vpc.data.aws_vpc_endpoint_service.ecs",
            "module.networking.module.vpc.data.aws_vpc_endpoint_service.ecs_agent",
            "module.networking.module.vpc.data.aws_vpc_endpoint_service.ecs_telemetry",
            "module.networking.module.vpc.data.aws_vpc_endpoint_service.elasticloadbalancing",
            "module.networking.module.vpc.data.aws_vpc_endpoint_service.events",
            "module.networking.module.vpc.data.aws_vpc_endpoint_service.kms",
            "module.networking.module.vpc.data.aws_vpc_endpoint_service.logs",
            "module.networking.module.vpc.data.aws_vpc_endpoint_service.monitoring",
            "module.networking.module.vpc.data.aws_vpc_endpoint_service.s3",
            "module.networking.module.vpc.data.aws_vpc_endpoint_service.sns",
            "module.networking.module.vpc.data.aws_vpc_endpoint_service.sqs",
            "module.networking.module.vpc.data.aws_vpc_endpoint_service.ssm",
            "module.networking.module.vpc.data.aws_vpc_endpoint_service.ssmmessages",
            "module.networking.module.websvr_sg.aws_security_group.security_group"
          ]
        }
      ]
    },
    {
      "module": "module.database",
      "mode": "managed",
      "type": "random_id",
      "name": "random_16",
      "provider": "provider[\"registry.terraform.io/hashicorp/random\"]",
      "instances": [
        {
          "schema_version": 0,
          "attributes": {
            "b64": "R7A6PBrHL5G9AkEr",
            "b64_std": "R7A6PBrHL5G9AkEr",
            "b64_url": "R7A6PBrHL5G9AkEr",
            "byte_length": 12,
            "dec": "22186481647557888744542585131",
            "hex": "47b03a3c1ac72f91bd02412b",
            "id": "R7A6PBrHL5G9AkEr",
            "keepers": null,
            "prefix": null
          },
          "sensitive_attributes": [],
          "private": "bnVsbA=="
        }
      ]
    },
    {
      "module": "module.networking",
      "mode": "data",
      "type": "aws_availability_zones",
      "name": "available",
      "provider": "provider[\"registry.terraform.io/hashicorp/aws\"]",
      "instances": [
        {
          "schema_version": 0,
          "attributes": {
            "all_availability_zones": null,
            "blacklisted_names": null,
            "blacklisted_zone_ids": null,
            "exclude_names": null,
            "exclude_zone_ids": null,
            "filter": null,
            "group_names": [
              "us-west-2"
            ],
            "id": "2020-12-31 20:35:47.9686411 +0000 UTC",
            "names": [
              "us-west-2a",
              "us-west-2b",
              "us-west-2c",
              "us-west-2d"
            ],
            "state": null,
            "zone_ids": [
              "usw2-az1",
              "usw2-az2",
              "usw2-az3",
              "usw2-az4"
            ]
          },
          "sensitive_attributes": []
        }
      ]
    },
    {
      "module": "module.networking.module.db_sg",
      "mode": "managed",
      "type": "aws_security_group",
      "name": "security_group",
      "provider": "provider[\"registry.terraform.io/hashicorp/aws\"]",
      "instances": [
        {
          "schema_version": 1,
          "attributes": {
            "arn": "arn:aws:ec2:us-west-2:058913055553:security-group/sg-0dfbe1ccb6421b5c3",
            "description": "Managed by Terraform",
            "egress": [
              {
                "cidr_blocks": [
                  "0.0.0.0/0"
                ],
                "description": "",
                "from_port": 0,
                "ipv6_cidr_blocks": [],
                "prefix_list_ids": [],
                "protocol": "-1",
                "security_groups": [],
                "self": false,
                "to_port": 0
              }
            ],
            "id": "sg-0dfbe1ccb6421b5c3",
            "ingress": [
              {
                "cidr_blocks": [],
                "description": "",
                "from_port": 0,
                "ipv6_cidr_blocks": [],
                "prefix_list_ids": [],
                "protocol": "-1",
                "security_groups": [],
                "self": true,
                "to_port": 0
              },
              {
                "cidr_blocks": [],
                "description": "",
                "from_port": 3306,
                "ipv6_cidr_blocks": [],
                "prefix_list_ids": [],
                "protocol": "tcp",
                "security_groups": [
                  "sg-046736f41f8cc8344"
                ],
                "self": false,
                "to_port": 3306
              }
            ],
            "name": "terraform-20201231202711891600000006",
            "name_prefix": null,
            "owner_id": "058913055553",
            "revoke_rules_on_delete": false,
            "tags": {},
            "timeouts": null,
            "vpc_id": "vpc-04373c10dcc174624"
          },
          "sensitive_attributes": [],
          "private": "eyJlMmJmYjczMC1lY2FhLTExZTYtOGY4OC0zNDM2M2JjN2M0YzAiOnsiY3JlYXRlIjo2MDAwMDAwMDAwMDAsImRlbGV0ZSI6NjAwMDAwMDAwMDAwfSwic2NoZW1hX3ZlcnNpb24iOiIxIn0=",
          "dependencies": [
            "module.networking.module.lb_sg.aws_security_group.security_group",
            "module.networking.module.vpc.aws_vpc.this",
            "module.networking.module.websvr_sg.aws_security_group.security_group"
          ],
          "create_before_destroy": true
        }
      ]
    },
    {
      "module": "module.networking.module.lb_sg",
      "mode": "managed",
      "type": "aws_security_group",
      "name": "security_group",
      "provider": "provider[\"registry.terraform.io/hashicorp/aws\"]",
      "instances": [
        {
          "schema_version": 1,
          "attributes": {
            "arn": "arn:aws:ec2:us-west-2:058913055553:security-group/sg-075f042abadf8a6fc",
            "description": "Managed by Terraform",
            "egress": [
              {
                "cidr_blocks": [
                  "0.0.0.0/0"
                ],
                "description": "",
                "from_port": 0,
                "ipv6_cidr_blocks": [],
                "prefix_list_ids": [],
                "protocol": "-1",
                "security_groups": [],
                "self": false,
                "to_port": 0
              }
            ],
            "id": "sg-075f042abadf8a6fc",
            "ingress": [
              {
                "cidr_blocks": [
                  "0.0.0.0/0"
                ],
                "description": "",
                "from_port": 80,
                "ipv6_cidr_blocks": [],
                "prefix_list_ids": [],
                "protocol": "tcp",
                "security_groups": [],
                "self": false,
                "to_port": 80
              },
              {
                "cidr_blocks": [],
                "description": "",
                "from_port": 0,
                "ipv6_cidr_blocks": [],
                "prefix_list_ids": [],
                "protocol": "-1",
                "security_groups": [],
                "self": true,
                "to_port": 0
              }
            ],
            "name": "terraform-20201231202706782800000004",
            "name_prefix": null,
            "owner_id": "058913055553",
            "revoke_rules_on_delete": false,
            "tags": {},
            "timeouts": null,
            "vpc_id": "vpc-04373c10dcc174624"
          },
          "sensitive_attributes": [],
          "private": "eyJlMmJmYjczMC1lY2FhLTExZTYtOGY4OC0zNDM2M2JjN2M0YzAiOnsiY3JlYXRlIjo2MDAwMDAwMDAwMDAsImRlbGV0ZSI6NjAwMDAwMDAwMDAwfSwic2NoZW1hX3ZlcnNpb24iOiIxIn0=",
          "dependencies": [
            "module.networking.module.vpc.aws_vpc.this"
          ],
          "create_before_destroy": true
        }
      ]
    },
    {
      "module": "module.networking.module.vpc",
      "mode": "managed",
      "type": "aws_db_subnet_group",
      "name": "database",
      "provider": "provider[\"registry.terraform.io/hashicorp/aws\"]",
      "instances": [
        {
          "index_key": 0,
          "schema_version": 0,
          "attributes": {
            "arn": "arn:aws:rds:us-west-2:058913055553:subgrp:my-cool-project-vpc",
            "description": "Database subnet group for my-cool-project-vpc",
            "id": "my-cool-project-vpc",
            "name": "my-cool-project-vpc",
            "name_prefix": null,
            "subnet_ids": [
              "subnet-06461df01a2ceed61",
              "subnet-086e5133c6989050e",
              "subnet-0a2b478e37a651a2b"
            ],
            "tags": {
              "Name": "my-cool-project-vpc"
            }
          },
          "sensitive_attributes": [],
          "private": "bnVsbA==",
          "dependencies": [
            "module.networking.data.aws_availability_zones.available",
            "module.networking.module.vpc.aws_subnet.database",
            "module.networking.module.vpc.aws_vpc.this",
            "module.networking.module.vpc.aws_vpc_ipv4_cidr_block_association.this"
          ],
          "create_before_destroy": true
        }
      ]
    },
    {
      "module": "module.networking.module.vpc",
      "mode": "managed",
      "type": "aws_eip",
      "name": "nat",
      "provider": "provider[\"registry.terraform.io/hashicorp/aws\"]",
      "instances": [
        {
          "index_key": 0,
          "schema_version": 0,
          "attributes": {
            "allocation_id": null,
            "associate_with_private_ip": null,
            "association_id": "eipassoc-074f131531ea9048d",
            "customer_owned_ip": "",
            "customer_owned_ipv4_pool": "",
            "domain": "vpc",
            "id": "eipalloc-0a3306079123e7dab",
            "instance": "",
            "network_interface": "eni-027e1ad48d308d15c",
            "private_dns": "ip-10-0-101-17.us-west-2.compute.internal",
            "private_ip": "10.0.101.17",
            "public_dns": "ec2-44-237-25-214.us-west-2.compute.amazonaws.com",
            "public_ip": "44.237.25.214",
            "public_ipv4_pool": "amazon",
            "tags": {
              "Name": "my-cool-project-vpc-us-west-2a"
            },
            "timeouts": null,
            "vpc": true
          },
          "sensitive_attributes": [],
          "private": "eyJlMmJmYjczMC1lY2FhLTExZTYtOGY4OC0zNDM2M2JjN2M0YzAiOnsiZGVsZXRlIjoxODAwMDAwMDAwMDAsInJlYWQiOjkwMDAwMDAwMDAwMCwidXBkYXRlIjozMDAwMDAwMDAwMDB9fQ==",
          "dependencies": [
            "module.networking.data.aws_availability_zones.available"
          ],
          "create_before_destroy": true
        }
      ]
    },
    {
      "module": "module.networking.module.vpc",
      "mode": "managed",
      "type": "aws_internet_gateway",
      "name": "this",
      "provider": "provider[\"registry.terraform.io/hashicorp/aws\"]",
      "instances": [
        {
          "index_key": 0,
          "schema_version": 0,
          "attributes": {
            "arn": "arn:aws:ec2:us-west-2:058913055553:internet-gateway/igw-0f92f2aba3f49c990",
            "id": "igw-0f92f2aba3f49c990",
            "owner_id": "058913055553",
            "tags": {
              "Name": "my-cool-project-vpc"
            },
            "vpc_id": "vpc-04373c10dcc174624"
          },
          "sensitive_attributes": [],
          "private": "bnVsbA==",
          "dependencies": [
            "module.networking.module.vpc.aws_vpc.this",
            "module.networking.module.vpc.aws_vpc_ipv4_cidr_block_association.this"
          ],
          "create_before_destroy": true
        }
      ]
    },
    {
      "module": "module.networking.module.vpc",
      "mode": "managed",
      "type": "aws_nat_gateway",
      "name": "this",
      "provider": "provider[\"registry.terraform.io/hashicorp/aws\"]",
      "instances": [
        {
          "index_key": 0,
          "schema_version": 0,
          "attributes": {
            "allocation_id": "eipalloc-0a3306079123e7dab",
            "id": "nat-0776b5ca032b0c0e9",
            "network_interface_id": "eni-027e1ad48d308d15c",
            "private_ip": "10.0.101.17",
            "public_ip": "44.237.25.214",
            "subnet_id": "subnet-09911ce63805965a0",
            "tags": {
              "Name": "my-cool-project-vpc-us-west-2a"
            }
          },
          "sensitive_attributes": [],
          "private": "bnVsbA==",
          "dependencies": [
            "module.networking.data.aws_availability_zones.available",
            "module.networking.module.vpc.aws_eip.nat",
            "module.networking.module.vpc.aws_internet_gateway.this",
            "module.networking.module.vpc.aws_subnet.public",
            "module.networking.module.vpc.aws_vpc.this",
            "module.networking.module.vpc.aws_vpc_ipv4_cidr_block_association.this"
          ],
          "create_before_destroy": true
        }
      ]
    },
    {
      "module": "module.networking.module.vpc",
      "mode": "managed",
      "type": "aws_route",
      "name": "private_nat_gateway",
      "provider": "provider[\"registry.terraform.io/hashicorp/aws\"]",
      "instances": [
        {
          "index_key": 0,
          "schema_version": 0,
          "attributes": {
            "destination_cidr_block": "0.0.0.0/0",
            "destination_ipv6_cidr_block": "",
            "destination_prefix_list_id": "",
            "egress_only_gateway_id": "",
            "gateway_id": "",
            "id": "r-rtb-0531194e3a7b3701e1080289494",
            "instance_id": "",
            "instance_owner_id": "",
            "nat_gateway_id": "nat-0776b5ca032b0c0e9",
            "network_interface_id": "",
            "origin": "CreateRoute",
            "route_table_id": "rtb-0531194e3a7b3701e",
            "state": "active",
            "timeouts": {
              "create": "5m",
              "delete": null
            },
            "transit_gateway_id": "",
            "vpc_peering_connection_id": ""
          },
          "sensitive_attributes": [],
          "private": "eyJlMmJmYjczMC1lY2FhLTExZTYtOGY4OC0zNDM2M2JjN2M0YzAiOnsiY3JlYXRlIjozMDAwMDAwMDAwMDAsImRlbGV0ZSI6MzAwMDAwMDAwMDAwfX0=",
          "dependencies": [
            "module.networking.data.aws_availability_zones.available",
            "module.networking.module.vpc.aws_eip.nat",
            "module.networking.module.vpc.aws_internet_gateway.this",
            "module.networking.module.vpc.aws_nat_gateway.this",
            "module.networking.module.vpc.aws_route_table.private",
            "module.networking.module.vpc.aws_subnet.public",
            "module.networking.module.vpc.aws_vpc.this",
            "module.networking.module.vpc.aws_vpc_ipv4_cidr_block_association.this"
          ],
          "create_before_destroy": true
        }
      ]
    },
    {
      "module": "module.networking.module.vpc",
      "mode": "managed",
      "type": "aws_route",
      "name": "public_internet_gateway",
      "provider": "provider[\"registry.terraform.io/hashicorp/aws\"]",
      "instances": [
        {
          "index_key": 0,
          "schema_version": 0,
          "attributes": {
            "destination_cidr_block": "0.0.0.0/0",
            "destination_ipv6_cidr_block": "",
            "destination_prefix_list_id": "",
            "egress_only_gateway_id": "",
            "gateway_id": "igw-0f92f2aba3f49c990",
            "id": "r-rtb-050873eabf458d41d1080289494",
            "instance_id": "",
            "instance_owner_id": "",
            "nat_gateway_id": "",
            "network_interface_id": "",
            "origin": "CreateRoute",
            "route_table_id": "rtb-050873eabf458d41d",
            "state": "active",
            "timeouts": {
              "create": "5m",
              "delete": null
            },
            "transit_gateway_id": "",
            "vpc_peering_connection_id": ""
          },
          "sensitive_attributes": [],
          "private": "eyJlMmJmYjczMC1lY2FhLTExZTYtOGY4OC0zNDM2M2JjN2M0YzAiOnsiY3JlYXRlIjozMDAwMDAwMDAwMDAsImRlbGV0ZSI6MzAwMDAwMDAwMDAwfX0=",
          "dependencies": [
            "module.networking.module.vpc.aws_internet_gateway.this",
            "module.networking.module.vpc.aws_route_table.public",
            "module.networking.module.vpc.aws_vpc.this",
            "module.networking.module.vpc.aws_vpc_ipv4_cidr_block_association.this"
          ],
          "create_before_destroy": true
        }
      ]
    },
    {
      "module": "module.networking.module.vpc",
      "mode": "managed",
      "type": "aws_route_table",
      "name": "private",
      "provider": "provider[\"registry.terraform.io/hashicorp/aws\"]",
      "instances": [
        {
          "index_key": 0,
          "schema_version": 0,
          "attributes": {
            "id": "rtb-0531194e3a7b3701e",
            "owner_id": "058913055553",
            "propagating_vgws": [],
            "route": [
              {
                "cidr_block": "0.0.0.0/0",
                "egress_only_gateway_id": "",
                "gateway_id": "",
                "instance_id": "",
                "ipv6_cidr_block": "",
                "nat_gateway_id": "nat-0776b5ca032b0c0e9",
                "network_interface_id": "",
                "transit_gateway_id": "",
                "vpc_peering_connection_id": ""
              }
            ],
            "tags": {
              "Name": "my-cool-project-vpc-private"
            },
            "vpc_id": "vpc-04373c10dcc174624"
          },
          "sensitive_attributes": [],
          "private": "bnVsbA==",
          "dependencies": [
            "module.networking.data.aws_availability_zones.available",
            "module.networking.module.vpc.aws_vpc.this",
            "module.networking.module.vpc.aws_vpc_ipv4_cidr_block_association.this"
          ],
          "create_before_destroy": true
        }
      ]
    },
    {
      "module": "module.networking.module.vpc",
      "mode": "managed",
      "type": "aws_route_table",
      "name": "public",
      "provider": "provider[\"registry.terraform.io/hashicorp/aws\"]",
      "instances": [
        {
          "index_key": 0,
          "schema_version": 0,
          "attributes": {
            "id": "rtb-050873eabf458d41d",
            "owner_id": "058913055553",
            "propagating_vgws": [],
            "route": [
              {
                "cidr_block": "0.0.0.0/0",
                "egress_only_gateway_id": "",
                "gateway_id": "igw-0f92f2aba3f49c990",
                "instance_id": "",
                "ipv6_cidr_block": "",
                "nat_gateway_id": "",
                "network_interface_id": "",
                "transit_gateway_id": "",
                "vpc_peering_connection_id": ""
              }
            ],
            "tags": {
              "Name": "my-cool-project-vpc-public"
            },
            "vpc_id": "vpc-04373c10dcc174624"
          },
          "sensitive_attributes": [],
          "private": "bnVsbA==",
          "dependencies": [
            "module.networking.module.vpc.aws_vpc.this",
            "module.networking.module.vpc.aws_vpc_ipv4_cidr_block_association.this"
          ],
          "create_before_destroy": true
        }
      ]
    },
    {
      "module": "module.networking.module.vpc",
      "mode": "managed",
      "type": "aws_route_table_association",
      "name": "database",
      "provider": "provider[\"registry.terraform.io/hashicorp/aws\"]",
      "instances": [
        {
          "index_key": 0,
          "schema_version": 0,
          "attributes": {
            "gateway_id": null,
            "id": "rtbassoc-0753ed1741a1e4c90",
            "route_table_id": "rtb-0531194e3a7b3701e",
            "subnet_id": "subnet-0a2b478e37a651a2b"
          },
          "sensitive_attributes": [],
          "private": "bnVsbA==",
          "dependencies": [
            "module.networking.data.aws_availability_zones.available",
            "module.networking.module.vpc.aws_route_table.database",
            "module.networking.module.vpc.aws_route_table.private",
            "module.networking.module.vpc.aws_subnet.database",
            "module.networking.module.vpc.aws_vpc.this",
            "module.networking.module.vpc.aws_vpc_ipv4_cidr_block_association.this"
          ],
          "create_before_destroy": true
        },
        {
          "index_key": 1,
          "schema_version": 0,
          "attributes": {
            "gateway_id": null,
            "id": "rtbassoc-0dd6bf481dae38e07",
            "route_table_id": "rtb-0531194e3a7b3701e",
            "subnet_id": "subnet-086e5133c6989050e"
          },
          "sensitive_attributes": [],
          "private": "bnVsbA==",
          "dependencies": [
            "module.networking.data.aws_availability_zones.available",
            "module.networking.module.vpc.aws_route_table.database",
            "module.networking.module.vpc.aws_route_table.private",
            "module.networking.module.vpc.aws_subnet.database",
            "module.networking.module.vpc.aws_vpc.this",
            "module.networking.module.vpc.aws_vpc_ipv4_cidr_block_association.this"
          ],
          "create_before_destroy": true
        },
        {
          "index_key": 2,
          "schema_version": 0,
          "attributes": {
            "gateway_id": null,
            "id": "rtbassoc-07356a7c6b87e5cab",
            "route_table_id": "rtb-0531194e3a7b3701e",
            "subnet_id": "subnet-06461df01a2ceed61"
          },
          "sensitive_attributes": [],
          "private": "bnVsbA==",
          "dependencies": [
            "module.networking.data.aws_availability_zones.available",
            "module.networking.module.vpc.aws_route_table.database",
            "module.networking.module.vpc.aws_route_table.private",
            "module.networking.module.vpc.aws_subnet.database",
            "module.networking.module.vpc.aws_vpc.this",
            "module.networking.module.vpc.aws_vpc_ipv4_cidr_block_association.this"
          ],
          "create_before_destroy": true
        }
      ]
    },
    {
      "module": "module.networking.module.vpc",
      "mode": "managed",
      "type": "aws_route_table_association",
      "name": "private",
      "provider": "provider[\"registry.terraform.io/hashicorp/aws\"]",
      "instances": [
        {
          "index_key": 0,
          "schema_version": 0,
          "attributes": {
            "gateway_id": null,
            "id": "rtbassoc-055bf05ee81abbe3b",
            "route_table_id": "rtb-0531194e3a7b3701e",
            "subnet_id": "subnet-0e9a66f7503ad1c45"
          },
          "sensitive_attributes": [],
          "private": "bnVsbA==",
          "dependencies": [
            "module.networking.data.aws_availability_zones.available",
            "module.networking.module.vpc.aws_route_table.private",
            "module.networking.module.vpc.aws_subnet.private",
            "module.networking.module.vpc.aws_vpc.this",
            "module.networking.module.vpc.aws_vpc_ipv4_cidr_block_association.this"
          ],
          "create_before_destroy": true
        },
        {
          "index_key": 1,
          "schema_version": 0,
          "attributes": {
            "gateway_id": null,
            "id": "rtbassoc-087b760fdf1aa9aa3",
            "route_table_id": "rtb-0531194e3a7b3701e",
            "subnet_id": "subnet-0dc94999ae9b5a4a7"
          },
          "sensitive_attributes": [],
          "private": "bnVsbA==",
          "dependencies": [
            "module.networking.data.aws_availability_zones.available",
            "module.networking.module.vpc.aws_route_table.private",
            "module.networking.module.vpc.aws_subnet.private",
            "module.networking.module.vpc.aws_vpc.this",
            "module.networking.module.vpc.aws_vpc_ipv4_cidr_block_association.this"
          ],
          "create_before_destroy": true
        },
        {
          "index_key": 2,
          "schema_version": 0,
          "attributes": {
            "gateway_id": null,
            "id": "rtbassoc-019d559e7ce3cb672",
            "route_table_id": "rtb-0531194e3a7b3701e",
            "subnet_id": "subnet-04b8907d95747ad49"
          },
          "sensitive_attributes": [],
          "private": "bnVsbA==",
          "dependencies": [
            "module.networking.data.aws_availability_zones.available",
            "module.networking.module.vpc.aws_route_table.private",
            "module.networking.module.vpc.aws_subnet.private",
            "module.networking.module.vpc.aws_vpc.this",
            "module.networking.module.vpc.aws_vpc_ipv4_cidr_block_association.this"
          ],
          "create_before_destroy": true
        }
      ]
    },
    {
      "module": "module.networking.module.vpc",
      "mode": "managed",
      "type": "aws_route_table_association",
      "name": "public",
      "provider": "provider[\"registry.terraform.io/hashicorp/aws\"]",
      "instances": [
        {
          "index_key": 0,
          "schema_version": 0,
          "attributes": {
            "gateway_id": null,
            "id": "rtbassoc-06bee7752a8b4a9a3",
            "route_table_id": "rtb-050873eabf458d41d",
            "subnet_id": "subnet-09911ce63805965a0"
          },
          "sensitive_attributes": [],
          "private": "bnVsbA==",
          "dependencies": [
            "module.networking.data.aws_availability_zones.available",
            "module.networking.module.vpc.aws_route_table.public",
            "module.networking.module.vpc.aws_subnet.public",
            "module.networking.module.vpc.aws_vpc.this",
            "module.networking.module.vpc.aws_vpc_ipv4_cidr_block_association.this"
          ],
          "create_before_destroy": true
        },
        {
          "index_key": 1,
          "schema_version": 0,
          "attributes": {
            "gateway_id": null,
            "id": "rtbassoc-007415fc481a20635",
            "route_table_id": "rtb-050873eabf458d41d",
            "subnet_id": "subnet-0c14a94f3fbbdcd83"
          },
          "sensitive_attributes": [],
          "private": "bnVsbA==",
          "dependencies": [
            "module.networking.data.aws_availability_zones.available",
            "module.networking.module.vpc.aws_route_table.public",
            "module.networking.module.vpc.aws_subnet.public",
            "module.networking.module.vpc.aws_vpc.this",
            "module.networking.module.vpc.aws_vpc_ipv4_cidr_block_association.this"
          ],
          "create_before_destroy": true
        },
        {
          "index_key": 2,
          "schema_version": 0,
          "attributes": {
            "gateway_id": null,
            "id": "rtbassoc-009e9bc7157c756ad",
            "route_table_id": "rtb-050873eabf458d41d",
            "subnet_id": "subnet-0e508e81c320fc55a"
          },
          "sensitive_attributes": [],
          "private": "bnVsbA==",
          "dependencies": [
            "module.networking.data.aws_availability_zones.available",
            "module.networking.module.vpc.aws_route_table.public",
            "module.networking.module.vpc.aws_subnet.public",
            "module.networking.module.vpc.aws_vpc.this",
            "module.networking.module.vpc.aws_vpc_ipv4_cidr_block_association.this"
          ],
          "create_before_destroy": true
        }
      ]
    },
    {
      "module": "module.networking.module.vpc",
      "mode": "managed",
      "type": "aws_subnet",
      "name": "database",
      "provider": "provider[\"registry.terraform.io/hashicorp/aws\"]",
      "instances": [
        {
          "index_key": 0,
          "schema_version": 1,
          "attributes": {
            "arn": "arn:aws:ec2:us-west-2:058913055553:subnet/subnet-0a2b478e37a651a2b",
            "assign_ipv6_address_on_creation": false,
            "availability_zone": "us-west-2a",
            "availability_zone_id": "usw2-az1",
            "cidr_block": "10.0.21.0/24",
            "id": "subnet-0a2b478e37a651a2b",
            "ipv6_cidr_block": "",
            "ipv6_cidr_block_association_id": "",
            "map_public_ip_on_launch": false,
            "outpost_arn": "",
            "owner_id": "058913055553",
            "tags": {
              "Name": "my-cool-project-vpc-db-us-west-2a"
            },
            "timeouts": null,
            "vpc_id": "vpc-04373c10dcc174624"
          },
          "sensitive_attributes": [],
          "private": "eyJlMmJmYjczMC1lY2FhLTExZTYtOGY4OC0zNDM2M2JjN2M0YzAiOnsiY3JlYXRlIjo2MDAwMDAwMDAwMDAsImRlbGV0ZSI6MTIwMDAwMDAwMDAwMH0sInNjaGVtYV92ZXJzaW9uIjoiMSJ9",
          "dependencies": [
            "module.networking.data.aws_availability_zones.available",
            "module.networking.module.vpc.aws_vpc.this",
            "module.networking.module.vpc.aws_vpc_ipv4_cidr_block_association.this"
          ],
          "create_before_destroy": true
        },
        {
          "index_key": 1,
          "schema_version": 1,
          "attributes": {
            "arn": "arn:aws:ec2:us-west-2:058913055553:subnet/subnet-086e5133c6989050e",
            "assign_ipv6_address_on_creation": false,
            "availability_zone": "us-west-2b",
            "availability_zone_id": "usw2-az2",
            "cidr_block": "10.0.22.0/24",
            "id": "subnet-086e5133c6989050e",
            "ipv6_cidr_block": "",
            "ipv6_cidr_block_association_id": "",
            "map_public_ip_on_launch": false,
            "outpost_arn": "",
            "owner_id": "058913055553",
            "tags": {
              "Name": "my-cool-project-vpc-db-us-west-2b"
            },
            "timeouts": null,
            "vpc_id": "vpc-04373c10dcc174624"
          },
          "sensitive_attributes": [],
          "private": "eyJlMmJmYjczMC1lY2FhLTExZTYtOGY4OC0zNDM2M2JjN2M0YzAiOnsiY3JlYXRlIjo2MDAwMDAwMDAwMDAsImRlbGV0ZSI6MTIwMDAwMDAwMDAwMH0sInNjaGVtYV92ZXJzaW9uIjoiMSJ9",
          "dependencies": [
            "module.networking.data.aws_availability_zones.available",
            "module.networking.module.vpc.aws_vpc.this",
            "module.networking.module.vpc.aws_vpc_ipv4_cidr_block_association.this"
          ],
          "create_before_destroy": true
        },
        {
          "index_key": 2,
          "schema_version": 1,
          "attributes": {
            "arn": "arn:aws:ec2:us-west-2:058913055553:subnet/subnet-06461df01a2ceed61",
            "assign_ipv6_address_on_creation": false,
            "availability_zone": "us-west-2c",
            "availability_zone_id": "usw2-az3",
            "cidr_block": "10.0.23.0/24",
            "id": "subnet-06461df01a2ceed61",
            "ipv6_cidr_block": "",
            "ipv6_cidr_block_association_id": "",
            "map_public_ip_on_launch": false,
            "outpost_arn": "",
            "owner_id": "058913055553",
            "tags": {
              "Name": "my-cool-project-vpc-db-us-west-2c"
            },
            "timeouts": null,
            "vpc_id": "vpc-04373c10dcc174624"
          },
          "sensitive_attributes": [],
          "private": "eyJlMmJmYjczMC1lY2FhLTExZTYtOGY4OC0zNDM2M2JjN2M0YzAiOnsiY3JlYXRlIjo2MDAwMDAwMDAwMDAsImRlbGV0ZSI6MTIwMDAwMDAwMDAwMH0sInNjaGVtYV92ZXJzaW9uIjoiMSJ9",
          "dependencies": [
            "module.networking.data.aws_availability_zones.available",
            "module.networking.module.vpc.aws_vpc.this",
            "module.networking.module.vpc.aws_vpc_ipv4_cidr_block_association.this"
          ],
          "create_before_destroy": true
        }
      ]
    },
    {
      "module": "module.networking.module.vpc",
      "mode": "managed",
      "type": "aws_subnet",
      "name": "private",
      "provider": "provider[\"registry.terraform.io/hashicorp/aws\"]",
      "instances": [
        {
          "index_key": 0,
          "schema_version": 1,
          "attributes": {
            "arn": "arn:aws:ec2:us-west-2:058913055553:subnet/subnet-0e9a66f7503ad1c45",
            "assign_ipv6_address_on_creation": false,
            "availability_zone": "us-west-2a",
            "availability_zone_id": "usw2-az1",
            "cidr_block": "10.0.1.0/24",
            "id": "subnet-0e9a66f7503ad1c45",
            "ipv6_cidr_block": "",
            "ipv6_cidr_block_association_id": "",
            "map_public_ip_on_launch": false,
            "outpost_arn": "",
            "owner_id": "058913055553",
            "tags": {
              "Name": "my-cool-project-vpc-private-us-west-2a"
            },
            "timeouts": null,
            "vpc_id": "vpc-04373c10dcc174624"
          },
          "sensitive_attributes": [],
          "private": "eyJlMmJmYjczMC1lY2FhLTExZTYtOGY4OC0zNDM2M2JjN2M0YzAiOnsiY3JlYXRlIjo2MDAwMDAwMDAwMDAsImRlbGV0ZSI6MTIwMDAwMDAwMDAwMH0sInNjaGVtYV92ZXJzaW9uIjoiMSJ9",
          "dependencies": [
            "module.networking.data.aws_availability_zones.available",
            "module.networking.module.vpc.aws_vpc.this",
            "module.networking.module.vpc.aws_vpc_ipv4_cidr_block_association.this"
          ],
          "create_before_destroy": true
        },
        {
          "index_key": 1,
          "schema_version": 1,
          "attributes": {
            "arn": "arn:aws:ec2:us-west-2:058913055553:subnet/subnet-0dc94999ae9b5a4a7",
            "assign_ipv6_address_on_creation": false,
            "availability_zone": "us-west-2b",
            "availability_zone_id": "usw2-az2",
            "cidr_block": "10.0.2.0/24",
            "id": "subnet-0dc94999ae9b5a4a7",
            "ipv6_cidr_block": "",
            "ipv6_cidr_block_association_id": "",
            "map_public_ip_on_launch": false,
            "outpost_arn": "",
            "owner_id": "058913055553",
            "tags": {
              "Name": "my-cool-project-vpc-private-us-west-2b"
            },
            "timeouts": null,
            "vpc_id": "vpc-04373c10dcc174624"
          },
          "sensitive_attributes": [],
          "private": "eyJlMmJmYjczMC1lY2FhLTExZTYtOGY4OC0zNDM2M2JjN2M0YzAiOnsiY3JlYXRlIjo2MDAwMDAwMDAwMDAsImRlbGV0ZSI6MTIwMDAwMDAwMDAwMH0sInNjaGVtYV92ZXJzaW9uIjoiMSJ9",
          "dependencies": [
            "module.networking.data.aws_availability_zones.available",
            "module.networking.module.vpc.aws_vpc.this",
            "module.networking.module.vpc.aws_vpc_ipv4_cidr_block_association.this"
          ],
          "create_before_destroy": true
        },
        {
          "index_key": 2,
          "schema_version": 1,
          "attributes": {
            "arn": "arn:aws:ec2:us-west-2:058913055553:subnet/subnet-04b8907d95747ad49",
            "assign_ipv6_address_on_creation": false,
            "availability_zone": "us-west-2c",
            "availability_zone_id": "usw2-az3",
            "cidr_block": "10.0.3.0/24",
            "id": "subnet-04b8907d95747ad49",
            "ipv6_cidr_block": "",
            "ipv6_cidr_block_association_id": "",
            "map_public_ip_on_launch": false,
            "outpost_arn": "",
            "owner_id": "058913055553",
            "tags": {
              "Name": "my-cool-project-vpc-private-us-west-2c"
            },
            "timeouts": null,
            "vpc_id": "vpc-04373c10dcc174624"
          },
          "sensitive_attributes": [],
          "private": "eyJlMmJmYjczMC1lY2FhLTExZTYtOGY4OC0zNDM2M2JjN2M0YzAiOnsiY3JlYXRlIjo2MDAwMDAwMDAwMDAsImRlbGV0ZSI6MTIwMDAwMDAwMDAwMH0sInNjaGVtYV92ZXJzaW9uIjoiMSJ9",
          "dependencies": [
            "module.networking.data.aws_availability_zones.available",
            "module.networking.module.vpc.aws_vpc.this",
            "module.networking.module.vpc.aws_vpc_ipv4_cidr_block_association.this"
          ],
          "create_before_destroy": true
        }
      ]
    },
    {
      "module": "module.networking.module.vpc",
      "mode": "managed",
      "type": "aws_subnet",
      "name": "public",
      "provider": "provider[\"registry.terraform.io/hashicorp/aws\"]",
      "instances": [
        {
          "index_key": 0,
          "schema_version": 1,
          "attributes": {
            "arn": "arn:aws:ec2:us-west-2:058913055553:subnet/subnet-09911ce63805965a0",
            "assign_ipv6_address_on_creation": false,
            "availability_zone": "us-west-2a",
            "availability_zone_id": "usw2-az1",
            "cidr_block": "10.0.101.0/24",
            "id": "subnet-09911ce63805965a0",
            "ipv6_cidr_block": "",
            "ipv6_cidr_block_association_id": "",
            "map_public_ip_on_launch": true,
            "outpost_arn": "",
            "owner_id": "058913055553",
            "tags": {
              "Name": "my-cool-project-vpc-public-us-west-2a"
            },
            "timeouts": null,
            "vpc_id": "vpc-04373c10dcc174624"
          },
          "sensitive_attributes": [],
          "private": "eyJlMmJmYjczMC1lY2FhLTExZTYtOGY4OC0zNDM2M2JjN2M0YzAiOnsiY3JlYXRlIjo2MDAwMDAwMDAwMDAsImRlbGV0ZSI6MTIwMDAwMDAwMDAwMH0sInNjaGVtYV92ZXJzaW9uIjoiMSJ9",
          "dependencies": [
            "module.networking.data.aws_availability_zones.available",
            "module.networking.module.vpc.aws_vpc.this",
            "module.networking.module.vpc.aws_vpc_ipv4_cidr_block_association.this"
          ],
          "create_before_destroy": true
        },
        {
          "index_key": 1,
          "schema_version": 1,
          "attributes": {
            "arn": "arn:aws:ec2:us-west-2:058913055553:subnet/subnet-0c14a94f3fbbdcd83",
            "assign_ipv6_address_on_creation": false,
            "availability_zone": "us-west-2b",
            "availability_zone_id": "usw2-az2",
            "cidr_block": "10.0.102.0/24",
            "id": "subnet-0c14a94f3fbbdcd83",
            "ipv6_cidr_block": "",
            "ipv6_cidr_block_association_id": "",
            "map_public_ip_on_launch": true,
            "outpost_arn": "",
            "owner_id": "058913055553",
            "tags": {
              "Name": "my-cool-project-vpc-public-us-west-2b"
            },
            "timeouts": null,
            "vpc_id": "vpc-04373c10dcc174624"
          },
          "sensitive_attributes": [],
          "private": "eyJlMmJmYjczMC1lY2FhLTExZTYtOGY4OC0zNDM2M2JjN2M0YzAiOnsiY3JlYXRlIjo2MDAwMDAwMDAwMDAsImRlbGV0ZSI6MTIwMDAwMDAwMDAwMH0sInNjaGVtYV92ZXJzaW9uIjoiMSJ9",
          "dependencies": [
            "module.networking.data.aws_availability_zones.available",
            "module.networking.module.vpc.aws_vpc.this",
            "module.networking.module.vpc.aws_vpc_ipv4_cidr_block_association.this"
          ],
          "create_before_destroy": true
        },
        {
          "index_key": 2,
          "schema_version": 1,
          "attributes": {
            "arn": "arn:aws:ec2:us-west-2:058913055553:subnet/subnet-0e508e81c320fc55a",
            "assign_ipv6_address_on_creation": false,
            "availability_zone": "us-west-2c",
            "availability_zone_id": "usw2-az3",
            "cidr_block": "10.0.103.0/24",
            "id": "subnet-0e508e81c320fc55a",
            "ipv6_cidr_block": "",
            "ipv6_cidr_block_association_id": "",
            "map_public_ip_on_launch": true,
            "outpost_arn": "",
            "owner_id": "058913055553",
            "tags": {
              "Name": "my-cool-project-vpc-public-us-west-2c"
            },
            "timeouts": null,
            "vpc_id": "vpc-04373c10dcc174624"
          },
          "sensitive_attributes": [],
          "private": "eyJlMmJmYjczMC1lY2FhLTExZTYtOGY4OC0zNDM2M2JjN2M0YzAiOnsiY3JlYXRlIjo2MDAwMDAwMDAwMDAsImRlbGV0ZSI6MTIwMDAwMDAwMDAwMH0sInNjaGVtYV92ZXJzaW9uIjoiMSJ9",
          "dependencies": [
            "module.networking.data.aws_availability_zones.available",
            "module.networking.module.vpc.aws_vpc.this",
            "module.networking.module.vpc.aws_vpc_ipv4_cidr_block_association.this"
          ],
          "create_before_destroy": true
        }
      ]
    },
    {
      "module": "module.networking.module.vpc",
      "mode": "managed",
      "type": "aws_vpc",
      "name": "this",
      "provider": "provider[\"registry.terraform.io/hashicorp/aws\"]",
      "instances": [
        {
          "index_key": 0,
          "schema_version": 1,
          "attributes": {
            "arn": "arn:aws:ec2:us-west-2:058913055553:vpc/vpc-04373c10dcc174624",
            "assign_generated_ipv6_cidr_block": true,
            "cidr_block": "10.0.0.0/16",
            "default_network_acl_id": "acl-0c9b180ea94775436",
            "default_route_table_id": "rtb-06cbaec1fd1136cd1",
            "default_security_group_id": "sg-01dd9be638ab8980d",
            "dhcp_options_id": "dopt-54f7872c",
            "enable_classiclink": false,
            "enable_classiclink_dns_support": false,
            "enable_dns_hostnames": false,
            "enable_dns_support": true,
            "id": "vpc-04373c10dcc174624",
            "instance_tenancy": "default",
            "ipv6_association_id": "vpc-cidr-assoc-05ab89032020ca9ed",
            "ipv6_cidr_block": "2600:1f13:c35:9700::/56",
            "main_route_table_id": "rtb-06cbaec1fd1136cd1",
            "owner_id": "058913055553",
            "tags": {
              "Name": "my-cool-project-vpc"
            }
          },
          "sensitive_attributes": [],
          "private": "eyJzY2hlbWFfdmVyc2lvbiI6IjEifQ==",
          "create_before_destroy": true
        }
      ]
    },
    {
      "module": "module.networking.module.websvr_sg",
      "mode": "managed",
      "type": "aws_security_group",
      "name": "security_group",
      "provider": "provider[\"registry.terraform.io/hashicorp/aws\"]",
      "instances": [
        {
          "schema_version": 1,
          "attributes": {
            "arn": "arn:aws:ec2:us-west-2:058913055553:security-group/sg-046736f41f8cc8344",
            "description": "Managed by Terraform",
            "egress": [
              {
                "cidr_blocks": [
                  "0.0.0.0/0"
                ],
                "description": "",
                "from_port": 0,
                "ipv6_cidr_blocks": [],
                "prefix_list_ids": [],
                "protocol": "-1",
                "security_groups": [],
                "self": false,
                "to_port": 0
              }
            ],
            "id": "sg-046736f41f8cc8344",
            "ingress": [
              {
                "cidr_blocks": [
                  "10.0.0.0/16"
                ],
                "description": "",
                "from_port": 22,
                "ipv6_cidr_blocks": [],
                "prefix_list_ids": [],
                "protocol": "tcp",
                "security_groups": [],
                "self": false,
                "to_port": 22
              },
              {
                "cidr_blocks": [],
                "description": "",
                "from_port": 0,
                "ipv6_cidr_blocks": [],
                "prefix_list_ids": [],
                "protocol": "-1",
                "security_groups": [],
                "self": true,
                "to_port": 0
              },
              {
                "cidr_blocks": [],
                "description": "",
                "from_port": 8080,
                "ipv6_cidr_blocks": [],
                "prefix_list_ids": [],
                "protocol": "tcp",
                "security_groups": [
                  "sg-075f042abadf8a6fc"
                ],
                "self": false,
                "to_port": 8080
              }
            ],
            "name": "terraform-20201231202709330300000005",
            "name_prefix": null,
            "owner_id": "058913055553",
            "revoke_rules_on_delete": false,
            "tags": {},
            "timeouts": null,
            "vpc_id": "vpc-04373c10dcc174624"
          },
          "sensitive_attributes": [],
          "private": "eyJlMmJmYjczMC1lY2FhLTExZTYtOGY4OC0zNDM2M2JjN2M0YzAiOnsiY3JlYXRlIjo2MDAwMDAwMDAwMDAsImRlbGV0ZSI6NjAwMDAwMDAwMDAwfSwic2NoZW1hX3ZlcnNpb24iOiIxIn0=",
          "dependencies": [
            "module.networking.module.lb_sg.aws_security_group.security_group",
            "module.networking.module.vpc.aws_vpc.this"
          ],
          "create_before_destroy": true
        }
      ]
    }
  ]
}
